# This file is automatically @generated by Poetry and should not be changed by hand.

[[package]]
name = "black"
version = "23.1.0"
description = "The uncompromising code formatter."
category = "dev"
optional = false
python-versions = ">=3.7"
files = [
    {file = "black-23.1.0-cp310-cp310-macosx_10_16_arm64.whl", hash = "sha256:b6a92a41ee34b883b359998f0c8e6eb8e99803aa8bf3123bf2b2e6fec505a221"},
    {file = "black-23.1.0-cp310-cp310-macosx_10_16_universal2.whl", hash = "sha256:57c18c5165c1dbe291d5306e53fb3988122890e57bd9b3dcb75f967f13411a26"},
    {file = "black-23.1.0-cp310-cp310-macosx_10_16_x86_64.whl", hash = "sha256:9880d7d419bb7e709b37e28deb5e68a49227713b623c72b2b931028ea65f619b"},
    {file = "black-23.1.0-cp310-cp310-manylinux_2_17_x86_64.manylinux2014_x86_64.whl", hash = "sha256:e6663f91b6feca5d06f2ccd49a10f254f9298cc1f7f49c46e498a0771b507104"},
    {file = "black-23.1.0-cp310-cp310-win_amd64.whl", hash = "sha256:9afd3f493666a0cd8f8df9a0200c6359ac53940cbde049dcb1a7eb6ee2dd7074"},
    {file = "black-23.1.0-cp311-cp311-macosx_10_16_arm64.whl", hash = "sha256:bfffba28dc52a58f04492181392ee380e95262af14ee01d4bc7bb1b1c6ca8d27"},
    {file = "black-23.1.0-cp311-cp311-macosx_10_16_universal2.whl", hash = "sha256:c1c476bc7b7d021321e7d93dc2cbd78ce103b84d5a4cf97ed535fbc0d6660648"},
    {file = "black-23.1.0-cp311-cp311-macosx_10_16_x86_64.whl", hash = "sha256:382998821f58e5c8238d3166c492139573325287820963d2f7de4d518bd76958"},
    {file = "black-23.1.0-cp311-cp311-manylinux_2_17_x86_64.manylinux2014_x86_64.whl", hash = "sha256:2bf649fda611c8550ca9d7592b69f0637218c2369b7744694c5e4902873b2f3a"},
    {file = "black-23.1.0-cp311-cp311-win_amd64.whl", hash = "sha256:121ca7f10b4a01fd99951234abdbd97728e1240be89fde18480ffac16503d481"},
    {file = "black-23.1.0-cp37-cp37m-macosx_10_16_x86_64.whl", hash = "sha256:a8471939da5e824b891b25751955be52ee7f8a30a916d570a5ba8e0f2eb2ecad"},
    {file = "black-23.1.0-cp37-cp37m-manylinux_2_17_x86_64.manylinux2014_x86_64.whl", hash = "sha256:8178318cb74f98bc571eef19068f6ab5613b3e59d4f47771582f04e175570ed8"},
    {file = "black-23.1.0-cp37-cp37m-win_amd64.whl", hash = "sha256:a436e7881d33acaf2536c46a454bb964a50eff59b21b51c6ccf5a40601fbef24"},
    {file = "black-23.1.0-cp38-cp38-macosx_10_16_arm64.whl", hash = "sha256:a59db0a2094d2259c554676403fa2fac3473ccf1354c1c63eccf7ae65aac8ab6"},
    {file = "black-23.1.0-cp38-cp38-macosx_10_16_universal2.whl", hash = "sha256:0052dba51dec07ed029ed61b18183942043e00008ec65d5028814afaab9a22fd"},
    {file = "black-23.1.0-cp38-cp38-macosx_10_16_x86_64.whl", hash = "sha256:49f7b39e30f326a34b5c9a4213213a6b221d7ae9d58ec70df1c4a307cf2a1580"},
    {file = "black-23.1.0-cp38-cp38-manylinux_2_17_x86_64.manylinux2014_x86_64.whl", hash = "sha256:162e37d49e93bd6eb6f1afc3e17a3d23a823042530c37c3c42eeeaf026f38468"},
    {file = "black-23.1.0-cp38-cp38-win_amd64.whl", hash = "sha256:8b70eb40a78dfac24842458476135f9b99ab952dd3f2dab738c1881a9b38b753"},
    {file = "black-23.1.0-cp39-cp39-macosx_10_16_arm64.whl", hash = "sha256:a29650759a6a0944e7cca036674655c2f0f63806ddecc45ed40b7b8aa314b651"},
    {file = "black-23.1.0-cp39-cp39-macosx_10_16_universal2.whl", hash = "sha256:bb460c8561c8c1bec7824ecbc3ce085eb50005883a6203dcfb0122e95797ee06"},
    {file = "black-23.1.0-cp39-cp39-macosx_10_16_x86_64.whl", hash = "sha256:c91dfc2c2a4e50df0026f88d2215e166616e0c80e86004d0003ece0488db2739"},
    {file = "black-23.1.0-cp39-cp39-manylinux_2_17_x86_64.manylinux2014_x86_64.whl", hash = "sha256:2a951cc83ab535d248c89f300eccbd625e80ab880fbcfb5ac8afb5f01a258ac9"},
    {file = "black-23.1.0-cp39-cp39-win_amd64.whl", hash = "sha256:0680d4380db3719ebcfb2613f34e86c8e6d15ffeabcf8ec59355c5e7b85bb555"},
    {file = "black-23.1.0-py3-none-any.whl", hash = "sha256:7a0f701d314cfa0896b9001df70a530eb2472babb76086344e688829efd97d32"},
    {file = "black-23.1.0.tar.gz", hash = "sha256:b0bd97bea8903f5a2ba7219257a44e3f1f9d00073d6cc1add68f0beec69692ac"},
]

[package.dependencies]
click = ">=8.0.0"
mypy-extensions = ">=0.4.3"
packaging = ">=22.0"
pathspec = ">=0.9.0"
platformdirs = ">=2"
tomli = {version = ">=1.1.0", markers = "python_version < \"3.11\""}
typing-extensions = {version = ">=3.10.0.0", markers = "python_version < \"3.10\""}

[package.extras]
colorama = ["colorama (>=0.4.3)"]
d = ["aiohttp (>=3.7.4)"]
jupyter = ["ipython (>=7.8.0)", "tokenize-rt (>=3.2.0)"]
uvloop = ["uvloop (>=0.15.2)"]

[[package]]
name = "cfgv"
version = "3.3.1"
description = "Validate configuration and produce human readable error messages."
category = "dev"
optional = false
python-versions = ">=3.6.1"
files = [
    {file = "cfgv-3.3.1-py2.py3-none-any.whl", hash = "sha256:c6a0883f3917a037485059700b9e75da2464e6c27051014ad85ba6aaa5884426"},
    {file = "cfgv-3.3.1.tar.gz", hash = "sha256:f5a830efb9ce7a445376bb66ec94c638a9787422f96264c98edc6bdeed8ab736"},
]

[[package]]
name = "click"
version = "8.1.3"
description = "Composable command line interface toolkit"
category = "dev"
optional = false
python-versions = ">=3.7"
files = [
    {file = "click-8.1.3-py3-none-any.whl", hash = "sha256:bb4d8133cb15a609f44e8213d9b391b0809795062913b383c62be0ee95b1db48"},
    {file = "click-8.1.3.tar.gz", hash = "sha256:7682dc8afb30297001674575ea00d1814d808d6a36af415a82bd481d37ba7b8e"},
]

[package.dependencies]
colorama = {version = "*", markers = "platform_system == \"Windows\""}

[[package]]
name = "colorama"
version = "0.4.6"
description = "Cross-platform colored terminal text."
category = "dev"
optional = false
python-versions = "!=3.0.*,!=3.1.*,!=3.2.*,!=3.3.*,!=3.4.*,!=3.5.*,!=3.6.*,>=2.7"
files = [
    {file = "colorama-0.4.6-py2.py3-none-any.whl", hash = "sha256:4f1d9991f5acc0ca119f9d443620b77f9d6b33703e51011c16baf57afb285fc6"},
    {file = "colorama-0.4.6.tar.gz", hash = "sha256:08695f5cb7ed6e0531a20572697297273c47b8cae5a63ffc6d6ed5c201be6e44"},
]

[[package]]
name = "distlib"
version = "0.3.6"
description = "Distribution utilities"
category = "dev"
optional = false
python-versions = "*"
files = [
    {file = "distlib-0.3.6-py2.py3-none-any.whl", hash = "sha256:f35c4b692542ca110de7ef0bea44d73981caeb34ca0b9b6b2e6d7790dda8f80e"},
    {file = "distlib-0.3.6.tar.gz", hash = "sha256:14bad2d9b04d3a36127ac97f30b12a19268f211063d8f8ee4f47108896e11b46"},
]

[[package]]
name = "filelock"
version = "3.9.0"
description = "A platform independent file lock."
category = "dev"
optional = false
python-versions = ">=3.7"
files = [
    {file = "filelock-3.9.0-py3-none-any.whl", hash = "sha256:f58d535af89bb9ad5cd4df046f741f8553a418c01a7856bf0d173bbc9f6bd16d"},
    {file = "filelock-3.9.0.tar.gz", hash = "sha256:7b319f24340b51f55a2bf7a12ac0755a9b03e718311dac567a0f4f7fabd2f5de"},
]

[package.extras]
docs = ["furo (>=2022.12.7)", "sphinx (>=5.3)", "sphinx-autodoc-typehints (>=1.19.5)"]
testing = ["covdefaults (>=2.2.2)", "coverage (>=7.0.1)", "pytest (>=7.2)", "pytest-cov (>=4)", "pytest-timeout (>=2.1)"]

[[package]]
name = "grpc-stubs"
version = "1.24.12"
description = "Mypy stubs for gRPC"
category = "dev"
optional = false
python-versions = ">=3.6"
files = [
    {file = "grpc-stubs-1.24.12.tar.gz", hash = "sha256:7ca7bff5a9bd6401c6cddedf14882c8cb6d5ff6017271ad36881c8eb5129d6cd"},
    {file = "grpc_stubs-1.24.12-py3-none-any.whl", hash = "sha256:9cdc502ea7a4a69841e3328414181bc407b32a8339feae4397c82182b7a0a779"},
]

[package.dependencies]
grpcio = "*"

[[package]]
name = "grpcio"
version = "1.51.1"
description = "HTTP/2-based RPC framework"
category = "main"
optional = false
python-versions = ">=3.7"
files = [
    {file = "grpcio-1.51.1-cp310-cp310-linux_armv7l.whl", hash = "sha256:cc2bece1737b44d878cc1510ea04469a8073dbbcdd762175168937ae4742dfb3"},
    {file = "grpcio-1.51.1-cp310-cp310-macosx_12_0_x86_64.whl", hash = "sha256:e223a9793522680beae44671b9ed8f6d25bbe5ddf8887e66aebad5e0686049ef"},
    {file = "grpcio-1.51.1-cp310-cp310-manylinux_2_17_aarch64.whl", hash = "sha256:24ac1154c4b2ab4a0c5326a76161547e70664cd2c39ba75f00fc8a2170964ea2"},
    {file = "grpcio-1.51.1-cp310-cp310-manylinux_2_17_i686.manylinux2014_i686.whl", hash = "sha256:e4ef09f8997c4be5f3504cefa6b5c6cc3cf648274ce3cede84d4342a35d76db6"},
    {file = "grpcio-1.51.1-cp310-cp310-manylinux_2_17_x86_64.manylinux2014_x86_64.whl", hash = "sha256:a8a0b77e992c64880e6efbe0086fe54dfc0bbd56f72a92d9e48264dcd2a3db98"},
    {file = "grpcio-1.51.1-cp310-cp310-musllinux_1_1_i686.whl", hash = "sha256:eacad297ea60c72dd280d3353d93fb1dcca952ec11de6bb3c49d12a572ba31dd"},
    {file = "grpcio-1.51.1-cp310-cp310-musllinux_1_1_x86_64.whl", hash = "sha256:16c71740640ba3a882f50b01bf58154681d44b51f09a5728180a8fdc66c67bd5"},
    {file = "grpcio-1.51.1-cp310-cp310-win32.whl", hash = "sha256:29cb97d41a4ead83b7bcad23bdb25bdd170b1e2cba16db6d3acbb090bc2de43c"},
    {file = "grpcio-1.51.1-cp310-cp310-win_amd64.whl", hash = "sha256:9ff42c5620b4e4530609e11afefa4a62ca91fa0abb045a8957e509ef84e54d30"},
    {file = "grpcio-1.51.1-cp311-cp311-linux_armv7l.whl", hash = "sha256:bc59f7ba87972ab236f8669d8ca7400f02a0eadf273ca00e02af64d588046f02"},
    {file = "grpcio-1.51.1-cp311-cp311-macosx_10_10_x86_64.whl", hash = "sha256:3c2b3842dcf870912da31a503454a33a697392f60c5e2697c91d133130c2c85d"},
    {file = "grpcio-1.51.1-cp311-cp311-manylinux_2_17_i686.manylinux2014_i686.whl", hash = "sha256:22b011674090594f1f3245960ced7386f6af35485a38901f8afee8ad01541dbd"},
    {file = "grpcio-1.51.1-cp311-cp311-manylinux_2_17_x86_64.manylinux2014_x86_64.whl", hash = "sha256:49d680356a975d9c66a678eb2dde192d5dc427a7994fb977363634e781614f7c"},
    {file = "grpcio-1.51.1-cp311-cp311-musllinux_1_1_i686.whl", hash = "sha256:094e64236253590d9d4075665c77b329d707b6fca864dd62b144255e199b4f87"},
    {file = "grpcio-1.51.1-cp311-cp311-musllinux_1_1_x86_64.whl", hash = "sha256:257478300735ce3c98d65a930bbda3db172bd4e00968ba743e6a1154ea6edf10"},
    {file = "grpcio-1.51.1-cp311-cp311-win32.whl", hash = "sha256:5a6ebcdef0ef12005d56d38be30f5156d1cb3373b52e96f147f4a24b0ddb3a9d"},
    {file = "grpcio-1.51.1-cp311-cp311-win_amd64.whl", hash = "sha256:3f9b0023c2c92bebd1be72cdfca23004ea748be1813a66d684d49d67d836adde"},
    {file = "grpcio-1.51.1-cp37-cp37m-linux_armv7l.whl", hash = "sha256:cd3baccea2bc5c38aeb14e5b00167bd4e2373a373a5e4d8d850bd193edad150c"},
    {file = "grpcio-1.51.1-cp37-cp37m-macosx_10_10_x86_64.whl", hash = "sha256:17ec9b13cec4a286b9e606b48191e560ca2f3bbdf3986f91e480a95d1582e1a7"},
    {file = "grpcio-1.51.1-cp37-cp37m-manylinux_2_17_aarch64.whl", hash = "sha256:fbdbe9a849854fe484c00823f45b7baab159bdd4a46075302281998cb8719df5"},
    {file = "grpcio-1.51.1-cp37-cp37m-manylinux_2_17_i686.manylinux2014_i686.whl", hash = "sha256:31bb6bc7ff145e2771c9baf612f4b9ebbc9605ccdc5f3ff3d5553de7fc0e0d79"},
    {file = "grpcio-1.51.1-cp37-cp37m-manylinux_2_17_x86_64.manylinux2014_x86_64.whl", hash = "sha256:e473525c28251558337b5c1ad3fa969511e42304524a4e404065e165b084c9e4"},
    {file = "grpcio-1.51.1-cp37-cp37m-musllinux_1_1_i686.whl", hash = "sha256:6f0b89967ee11f2b654c23b27086d88ad7bf08c0b3c2a280362f28c3698b2896"},
    {file = "grpcio-1.51.1-cp37-cp37m-musllinux_1_1_x86_64.whl", hash = "sha256:7942b32a291421460d6a07883033e392167d30724aa84987e6956cd15f1a21b9"},
    {file = "grpcio-1.51.1-cp37-cp37m-win32.whl", hash = "sha256:f96ace1540223f26fbe7c4ebbf8a98e3929a6aa0290c8033d12526847b291c0f"},
    {file = "grpcio-1.51.1-cp37-cp37m-win_amd64.whl", hash = "sha256:f1fec3abaf274cdb85bf3878167cfde5ad4a4d97c68421afda95174de85ba813"},
    {file = "grpcio-1.51.1-cp38-cp38-linux_armv7l.whl", hash = "sha256:0e1a9e1b4a23808f1132aa35f968cd8e659f60af3ffd6fb00bcf9a65e7db279f"},
    {file = "grpcio-1.51.1-cp38-cp38-macosx_10_10_x86_64.whl", hash = "sha256:6df3b63538c362312bc5fa95fb965069c65c3ea91d7ce78ad9c47cab57226f54"},
    {file = "grpcio-1.51.1-cp38-cp38-manylinux_2_17_aarch64.whl", hash = "sha256:172405ca6bdfedd6054c74c62085946e45ad4d9cec9f3c42b4c9a02546c4c7e9"},
    {file = "grpcio-1.51.1-cp38-cp38-manylinux_2_17_i686.manylinux2014_i686.whl", hash = "sha256:506b9b7a4cede87d7219bfb31014d7b471cfc77157da9e820a737ec1ea4b0663"},
    {file = "grpcio-1.51.1-cp38-cp38-manylinux_2_17_x86_64.manylinux2014_x86_64.whl", hash = "sha256:0fb93051331acbb75b49a2a0fd9239c6ba9528f6bdc1dd400ad1cb66cf864292"},
    {file = "grpcio-1.51.1-cp38-cp38-musllinux_1_1_i686.whl", hash = "sha256:5dca372268c6ab6372d37d6b9f9343e7e5b4bc09779f819f9470cd88b2ece3c3"},
    {file = "grpcio-1.51.1-cp38-cp38-musllinux_1_1_x86_64.whl", hash = "sha256:471d39d3370ca923a316d49c8aac66356cea708a11e647e3bdc3d0b5de4f0a40"},
    {file = "grpcio-1.51.1-cp38-cp38-win32.whl", hash = "sha256:75e29a90dc319f0ad4d87ba6d20083615a00d8276b51512e04ad7452b5c23b04"},
    {file = "grpcio-1.51.1-cp38-cp38-win_amd64.whl", hash = "sha256:f1158bccbb919da42544a4d3af5d9296a3358539ffa01018307337365a9a0c64"},
    {file = "grpcio-1.51.1-cp39-cp39-linux_armv7l.whl", hash = "sha256:59dffade859f157bcc55243714d57b286da6ae16469bf1ac0614d281b5f49b67"},
    {file = "grpcio-1.51.1-cp39-cp39-macosx_10_10_x86_64.whl", hash = "sha256:dad6533411d033b77f5369eafe87af8583178efd4039c41d7515d3336c53b4f1"},
    {file = "grpcio-1.51.1-cp39-cp39-manylinux_2_17_aarch64.whl", hash = "sha256:4c4423ea38a7825b8fed8934d6d9aeebdf646c97e3c608c3b0bcf23616f33877"},
    {file = "grpcio-1.51.1-cp39-cp39-manylinux_2_17_i686.manylinux2014_i686.whl", hash = "sha256:0dc5354e38e5adf2498312f7241b14c7ce3484eefa0082db4297189dcbe272e6"},
    {file = "grpcio-1.51.1-cp39-cp39-manylinux_2_17_x86_64.manylinux2014_x86_64.whl", hash = "sha256:97d67983189e2e45550eac194d6234fc38b8c3b5396c153821f2d906ed46e0ce"},
    {file = "grpcio-1.51.1-cp39-cp39-musllinux_1_1_i686.whl", hash = "sha256:538d981818e49b6ed1e9c8d5e5adf29f71c4e334e7d459bf47e9b7abb3c30e09"},
    {file = "grpcio-1.51.1-cp39-cp39-musllinux_1_1_x86_64.whl", hash = "sha256:9235dcd5144a83f9ca6f431bd0eccc46b90e2c22fe27b7f7d77cabb2fb515595"},
    {file = "grpcio-1.51.1-cp39-cp39-win32.whl", hash = "sha256:aacb54f7789ede5cbf1d007637f792d3e87f1c9841f57dd51abf89337d1b8472"},
    {file = "grpcio-1.51.1-cp39-cp39-win_amd64.whl", hash = "sha256:2b170eaf51518275c9b6b22ccb59450537c5a8555326fd96ff7391b5dd75303c"},
    {file = "grpcio-1.51.1.tar.gz", hash = "sha256:e6dfc2b6567b1c261739b43d9c59d201c1b89e017afd9e684d85aa7a186c9f7a"},
]

[package.extras]
protobuf = ["grpcio-tools (>=1.51.1)"]

[[package]]
name = "grpcio-tools"
version = "1.51.1"
description = "Protobuf code generator for gRPC"
category = "dev"
optional = false
python-versions = ">=3.7"
files = [
    {file = "grpcio-tools-1.51.1.tar.gz", hash = "sha256:8e62d23d3fed9d4f81738f98dd193dbd2e21aed4a8f0dd715e75b5439e649727"},
    {file = "grpcio_tools-1.51.1-cp310-cp310-linux_armv7l.whl", hash = "sha256:ecf1494cb695afead36995534f787761ee33fb9e116b23030113a37fe6057a83"},
    {file = "grpcio_tools-1.51.1-cp310-cp310-macosx_12_0_x86_64.whl", hash = "sha256:16b8b915625dc6eb2ea7efdfb06f1fae44a9066c9016453a2ca120c034f33090"},
    {file = "grpcio_tools-1.51.1-cp310-cp310-manylinux_2_17_aarch64.whl", hash = "sha256:d5e033c04b416afcddd5231b3ff94a34fb5d26fba2416eb940e69b05f22cfd25"},
    {file = "grpcio_tools-1.51.1-cp310-cp310-manylinux_2_17_i686.manylinux2014_i686.whl", hash = "sha256:0a218f64e667f3332b74080bdc5440aaf0fa6700ae07a0b54ecf085aaef2aa9f"},
    {file = "grpcio_tools-1.51.1-cp310-cp310-manylinux_2_17_x86_64.manylinux2014_x86_64.whl", hash = "sha256:d7b186183515ad6b8584ffe4bd820b72b00f6e7d121fb1c36294edeea9092313"},
    {file = "grpcio_tools-1.51.1-cp310-cp310-musllinux_1_1_i686.whl", hash = "sha256:ccd37165d7a3e93f460096a2eb62b7a9c1ebe5c424eaee42d8e92740d0c8f6bc"},
    {file = "grpcio_tools-1.51.1-cp310-cp310-musllinux_1_1_x86_64.whl", hash = "sha256:531586c5598a99658249f3c5e92826d6d2bb117abd6ffc88527d1e1d9eaef924"},
    {file = "grpcio_tools-1.51.1-cp310-cp310-win32.whl", hash = "sha256:392ad4cd004f7b843cf7d916d9a15b2d6585965bfef235be1c88d8f8649777e5"},
    {file = "grpcio_tools-1.51.1-cp310-cp310-win_amd64.whl", hash = "sha256:14e82c2b3ee7e300611c2c729d411b3b911e4cca5f4ec14787457a2fb72ff9d4"},
    {file = "grpcio_tools-1.51.1-cp311-cp311-linux_armv7l.whl", hash = "sha256:2281180490c475d09b7aa05dabafa5e09de9902176931e7295113f636c2b5360"},
    {file = "grpcio_tools-1.51.1-cp311-cp311-macosx_10_10_x86_64.whl", hash = "sha256:c4649af7f5d9553975ee66b6bfae20a84be779f13e163fa835e782961895e63c"},
    {file = "grpcio_tools-1.51.1-cp311-cp311-manylinux_2_17_i686.manylinux2014_i686.whl", hash = "sha256:f06bb0753b7cecbff154b523cfb8f45dee2c31b0a4c72bed7da44c57f1cba113"},
    {file = "grpcio_tools-1.51.1-cp311-cp311-manylinux_2_17_x86_64.manylinux2014_x86_64.whl", hash = "sha256:3a671466158ed74c07ee070fb940ed783acf59ba6e6e53cb4de8fd63819c6c7f"},
    {file = "grpcio_tools-1.51.1-cp311-cp311-musllinux_1_1_i686.whl", hash = "sha256:048793747339f327ea091d8f022c6756d89713d8080dffde5ce7380cc348ea8e"},
    {file = "grpcio_tools-1.51.1-cp311-cp311-musllinux_1_1_x86_64.whl", hash = "sha256:f6caf36e7752728329a28f93afec7c4ec9015fc1c6e4460bd1eb0f3737e1c55a"},
    {file = "grpcio_tools-1.51.1-cp311-cp311-win32.whl", hash = "sha256:67b304282cad38642587ebae68617e450e1ad4fa1c0c8b19e9e30274dbb32716"},
    {file = "grpcio_tools-1.51.1-cp311-cp311-win_amd64.whl", hash = "sha256:674b340f2f7bb2adbc3f15144bd37ce5ea83239f78b68dbbd0ea3cba00107e2b"},
    {file = "grpcio_tools-1.51.1-cp37-cp37m-linux_armv7l.whl", hash = "sha256:055819992ddd30c642a7fd6f344a03747be3afa95cb910f8a2e5efaabd41cde5"},
    {file = "grpcio_tools-1.51.1-cp37-cp37m-macosx_10_10_x86_64.whl", hash = "sha256:4e3249a2ec435b3b972610c66c8a714c188844500d564c910f57a2771dc61978"},
    {file = "grpcio_tools-1.51.1-cp37-cp37m-manylinux_2_17_aarch64.whl", hash = "sha256:794f26a09b70f4f101df5cf54c6c12dc1b65747ab1dee5bda02c2991389ade56"},
    {file = "grpcio_tools-1.51.1-cp37-cp37m-manylinux_2_17_i686.manylinux2014_i686.whl", hash = "sha256:4957f1ffa16598aa5379505fcbaeb47d65693a46b0817f4ee61db76707092aeb"},
    {file = "grpcio_tools-1.51.1-cp37-cp37m-manylinux_2_17_x86_64.manylinux2014_x86_64.whl", hash = "sha256:9906fb6bf6d9c30c23d85153f12d130f44325afe8f9ebe58aa7a6c82ecade9d8"},
    {file = "grpcio_tools-1.51.1-cp37-cp37m-musllinux_1_1_i686.whl", hash = "sha256:87bc5f3e3698c65907d397003c64d25c3ea84e3d6aa46dac133bd98bf66835ee"},
    {file = "grpcio_tools-1.51.1-cp37-cp37m-musllinux_1_1_x86_64.whl", hash = "sha256:a66b3a5d18a7615f0f828b72e2d2935751459c89cc4725e56bdfb3d2cd93281f"},
    {file = "grpcio_tools-1.51.1-cp37-cp37m-win32.whl", hash = "sha256:566809d9942e78821b279af70f3cf159a328127f9f3d5fee8d83ad8b2d27b2fe"},
    {file = "grpcio_tools-1.51.1-cp37-cp37m-win_amd64.whl", hash = "sha256:aab24a342642329de38139cb26f8492882ca0d8551bb87f6530bcc613945a0d0"},
    {file = "grpcio_tools-1.51.1-cp38-cp38-linux_armv7l.whl", hash = "sha256:6b83d7fc2597c6d392c225177d1fbbcff74900f8cc40b33236987fd1ff841330"},
    {file = "grpcio_tools-1.51.1-cp38-cp38-macosx_10_10_x86_64.whl", hash = "sha256:79c06d2577cb4d977922bbf01234de3b20f73d1784d3cbe3179deee1bdb9a60b"},
    {file = "grpcio_tools-1.51.1-cp38-cp38-manylinux_2_17_aarch64.whl", hash = "sha256:e9abc03d67793b1bf33dc766caa69a3333f9db029869ba6e8fc6cd9c251c0080"},
    {file = "grpcio_tools-1.51.1-cp38-cp38-manylinux_2_17_i686.manylinux2014_i686.whl", hash = "sha256:64d8ad369417759f5fdb8ffb7cbd6374fecc06ab51c9a226dee9bbd7d311c3b5"},
    {file = "grpcio_tools-1.51.1-cp38-cp38-manylinux_2_17_x86_64.manylinux2014_x86_64.whl", hash = "sha256:de51a0a71845b854f6a5967756c893c96bd03e37f39e5dce87b4f409dac36ee2"},
    {file = "grpcio_tools-1.51.1-cp38-cp38-musllinux_1_1_i686.whl", hash = "sha256:9dfe6c12b0e2c07f6a4a91a9912ef4e5bd007672533891a44e6f433ffbf7c3b1"},
    {file = "grpcio_tools-1.51.1-cp38-cp38-musllinux_1_1_x86_64.whl", hash = "sha256:27113b354f7587684eb55125733e6e5be1f489458abfe12344dabd918d8dcc54"},
    {file = "grpcio_tools-1.51.1-cp38-cp38-win32.whl", hash = "sha256:98777b5031f1b3c58b688815ffa83435c103b2152c26eb144f80f4a4bb34addb"},
    {file = "grpcio_tools-1.51.1-cp38-cp38-win_amd64.whl", hash = "sha256:1c44b57a6770b78a1eafe355878ff1ec59a2fa07455a2cbd522c071eedae04d4"},
    {file = "grpcio_tools-1.51.1-cp39-cp39-linux_armv7l.whl", hash = "sha256:49624394805568acd7d767dea5a00d970fca5ad8f395fe0161eeea0de5133eba"},
    {file = "grpcio_tools-1.51.1-cp39-cp39-macosx_10_10_x86_64.whl", hash = "sha256:6d6626a6e4dbe843df96dc8c08dd244d2191a75324f54bfa4ebaa3e76b0b1958"},
    {file = "grpcio_tools-1.51.1-cp39-cp39-manylinux_2_17_aarch64.whl", hash = "sha256:b4fb8ed6d29f2d6cf03ef99ffaad635bbc132a59be77013691392fe557e67144"},
    {file = "grpcio_tools-1.51.1-cp39-cp39-manylinux_2_17_i686.manylinux2014_i686.whl", hash = "sha256:d8cc862a1ad30f94528d66cc6f95fb9e659005e568313e54a23550535b649573"},
    {file = "grpcio_tools-1.51.1-cp39-cp39-manylinux_2_17_x86_64.manylinux2014_x86_64.whl", hash = "sha256:6e72a30be1746ea0749a8486d0ca0120c0b2757fe84fc246a5144b1ef66d7b89"},
    {file = "grpcio_tools-1.51.1-cp39-cp39-musllinux_1_1_i686.whl", hash = "sha256:331a897306adeec3c67470431ea8d8b4972b689d32966f94506d91f4dac20952"},
    {file = "grpcio_tools-1.51.1-cp39-cp39-musllinux_1_1_x86_64.whl", hash = "sha256:f336ad9be661d92fa45940e74e8ff3d78e67ebe9b4f7ea8774b2d680c17aeb6c"},
    {file = "grpcio_tools-1.51.1-cp39-cp39-win32.whl", hash = "sha256:40ef70e8c5d0310dedff9af502b520b4c7e215bce94094527fb959150a0c594a"},
    {file = "grpcio_tools-1.51.1-cp39-cp39-win_amd64.whl", hash = "sha256:15b8acf4eaa0ebe37e2f69108de49efd935b7abe9c7e58ba737490b99906aa76"},
]

[package.dependencies]
grpcio = ">=1.51.1"
protobuf = ">=4.21.6,<5.0dev"
setuptools = "*"

[[package]]
name = "identify"
version = "2.5.17"
description = "File identification library for Python"
category = "dev"
optional = false
python-versions = ">=3.7"
files = [
    {file = "identify-2.5.17-py2.py3-none-any.whl", hash = "sha256:7d526dd1283555aafcc91539acc061d8f6f59adb0a7bba462735b0a318bff7ed"},
    {file = "identify-2.5.17.tar.gz", hash = "sha256:93cc61a861052de9d4c541a7acb7e3dcc9c11b398a2144f6e52ae5285f5f4f06"},
]

[package.extras]
license = ["ukkonen"]

[[package]]
name = "isort"
version = "5.12.0"
description = "A Python utility / library to sort Python imports."
category = "dev"
optional = false
python-versions = ">=3.8.0"
files = [
    {file = "isort-5.12.0-py3-none-any.whl", hash = "sha256:f84c2818376e66cf843d497486ea8fed8700b340f308f076c6fb1229dff318b6"},
    {file = "isort-5.12.0.tar.gz", hash = "sha256:8bef7dde241278824a6d83f44a544709b065191b95b6e50894bdc722fcba0504"},
]

[package.extras]
colors = ["colorama (>=0.4.3)"]
pipfile-deprecated-finder = ["pip-shims (>=0.5.2)", "pipreqs", "requirementslib"]
plugins = ["setuptools"]
requirements-deprecated-finder = ["pip-api", "pipreqs"]

[[package]]
name = "mypy"
version = "0.991"
description = "Optional static typing for Python"
category = "dev"
optional = false
python-versions = ">=3.7"
files = [
    {file = "mypy-0.991-cp310-cp310-macosx_10_9_universal2.whl", hash = "sha256:7d17e0a9707d0772f4a7b878f04b4fd11f6f5bcb9b3813975a9b13c9332153ab"},
    {file = "mypy-0.991-cp310-cp310-macosx_10_9_x86_64.whl", hash = "sha256:0714258640194d75677e86c786e80ccf294972cc76885d3ebbb560f11db0003d"},
    {file = "mypy-0.991-cp310-cp310-macosx_11_0_arm64.whl", hash = "sha256:0c8f3be99e8a8bd403caa8c03be619544bc2c77a7093685dcf308c6b109426c6"},
    {file = "mypy-0.991-cp310-cp310-manylinux_2_17_x86_64.manylinux2014_x86_64.whl", hash = "sha256:bc9ec663ed6c8f15f4ae9d3c04c989b744436c16d26580eaa760ae9dd5d662eb"},
    {file = "mypy-0.991-cp310-cp310-musllinux_1_1_x86_64.whl", hash = "sha256:4307270436fd7694b41f913eb09210faff27ea4979ecbcd849e57d2da2f65305"},
    {file = "mypy-0.991-cp310-cp310-win_amd64.whl", hash = "sha256:901c2c269c616e6cb0998b33d4adbb4a6af0ac4ce5cd078afd7bc95830e62c1c"},
    {file = "mypy-0.991-cp311-cp311-macosx_10_9_universal2.whl", hash = "sha256:d13674f3fb73805ba0c45eb6c0c3053d218aa1f7abead6e446d474529aafc372"},
    {file = "mypy-0.991-cp311-cp311-macosx_10_9_x86_64.whl", hash = "sha256:1c8cd4fb70e8584ca1ed5805cbc7c017a3d1a29fb450621089ffed3e99d1857f"},
    {file = "mypy-0.991-cp311-cp311-macosx_11_0_arm64.whl", hash = "sha256:209ee89fbb0deed518605edddd234af80506aec932ad28d73c08f1400ef80a33"},
    {file = "mypy-0.991-cp311-cp311-manylinux_2_17_x86_64.manylinux2014_x86_64.whl", hash = "sha256:37bd02ebf9d10e05b00d71302d2c2e6ca333e6c2a8584a98c00e038db8121f05"},
    {file = "mypy-0.991-cp311-cp311-musllinux_1_1_x86_64.whl", hash = "sha256:26efb2fcc6b67e4d5a55561f39176821d2adf88f2745ddc72751b7890f3194ad"},
    {file = "mypy-0.991-cp311-cp311-win_amd64.whl", hash = "sha256:3a700330b567114b673cf8ee7388e949f843b356a73b5ab22dd7cff4742a5297"},
    {file = "mypy-0.991-cp37-cp37m-macosx_10_9_x86_64.whl", hash = "sha256:1f7d1a520373e2272b10796c3ff721ea1a0712288cafaa95931e66aa15798813"},
    {file = "mypy-0.991-cp37-cp37m-manylinux_2_17_x86_64.manylinux2014_x86_64.whl", hash = "sha256:641411733b127c3e0dab94c45af15fea99e4468f99ac88b39efb1ad677da5711"},
    {file = "mypy-0.991-cp37-cp37m-musllinux_1_1_x86_64.whl", hash = "sha256:3d80e36b7d7a9259b740be6d8d906221789b0d836201af4234093cae89ced0cd"},
    {file = "mypy-0.991-cp37-cp37m-win_amd64.whl", hash = "sha256:e62ebaad93be3ad1a828a11e90f0e76f15449371ffeecca4a0a0b9adc99abcef"},
    {file = "mypy-0.991-cp38-cp38-macosx_10_9_universal2.whl", hash = "sha256:b86ce2c1866a748c0f6faca5232059f881cda6dda2a893b9a8373353cfe3715a"},
    {file = "mypy-0.991-cp38-cp38-macosx_10_9_x86_64.whl", hash = "sha256:ac6e503823143464538efda0e8e356d871557ef60ccd38f8824a4257acc18d93"},
    {file = "mypy-0.991-cp38-cp38-macosx_11_0_arm64.whl", hash = "sha256:0cca5adf694af539aeaa6ac633a7afe9bbd760df9d31be55ab780b77ab5ae8bf"},
    {file = "mypy-0.991-cp38-cp38-manylinux_2_17_x86_64.manylinux2014_x86_64.whl", hash = "sha256:a12c56bf73cdab116df96e4ff39610b92a348cc99a1307e1da3c3768bbb5b135"},
    {file = "mypy-0.991-cp38-cp38-musllinux_1_1_x86_64.whl", hash = "sha256:652b651d42f155033a1967739788c436491b577b6a44e4c39fb340d0ee7f0d70"},
    {file = "mypy-0.991-cp38-cp38-win_amd64.whl", hash = "sha256:4175593dc25d9da12f7de8de873a33f9b2b8bdb4e827a7cae952e5b1a342e243"},
    {file = "mypy-0.991-cp39-cp39-macosx_10_9_universal2.whl", hash = "sha256:98e781cd35c0acf33eb0295e8b9c55cdbef64fcb35f6d3aa2186f289bed6e80d"},
    {file = "mypy-0.991-cp39-cp39-macosx_10_9_x86_64.whl", hash = "sha256:6d7464bac72a85cb3491c7e92b5b62f3dcccb8af26826257760a552a5e244aa5"},
    {file = "mypy-0.991-cp39-cp39-macosx_11_0_arm64.whl", hash = "sha256:c9166b3f81a10cdf9b49f2d594b21b31adadb3d5e9db9b834866c3258b695be3"},
    {file = "mypy-0.991-cp39-cp39-manylinux_2_17_x86_64.manylinux2014_x86_64.whl", hash = "sha256:b8472f736a5bfb159a5e36740847808f6f5b659960115ff29c7cecec1741c648"},
    {file = "mypy-0.991-cp39-cp39-musllinux_1_1_x86_64.whl", hash = "sha256:5e80e758243b97b618cdf22004beb09e8a2de1af481382e4d84bc52152d1c476"},
    {file = "mypy-0.991-cp39-cp39-win_amd64.whl", hash = "sha256:74e259b5c19f70d35fcc1ad3d56499065c601dfe94ff67ae48b85596b9ec1461"},
    {file = "mypy-0.991-py3-none-any.whl", hash = "sha256:de32edc9b0a7e67c2775e574cb061a537660e51210fbf6006b0b36ea695ae9bb"},
    {file = "mypy-0.991.tar.gz", hash = "sha256:3c0165ba8f354a6d9881809ef29f1a9318a236a6d81c690094c5df32107bde06"},
]

[package.dependencies]
mypy-extensions = ">=0.4.3"
tomli = {version = ">=1.1.0", markers = "python_version < \"3.11\""}
typing-extensions = ">=3.10"

[package.extras]
dmypy = ["psutil (>=4.0)"]
install-types = ["pip"]
python2 = ["typed-ast (>=1.4.0,<2)"]
reports = ["lxml"]

[[package]]
name = "mypy-extensions"
version = "0.4.3"
description = "Experimental type system extensions for programs checked with the mypy typechecker."
category = "dev"
optional = false
python-versions = "*"
files = [
    {file = "mypy_extensions-0.4.3-py2.py3-none-any.whl", hash = "sha256:090fedd75945a69ae91ce1303b5824f428daf5a028d2f6ab8a299250a846f15d"},
    {file = "mypy_extensions-0.4.3.tar.gz", hash = "sha256:2d82818f5bb3e369420cb3c4060a7970edba416647068eb4c5343488a6c604a8"},
]

[[package]]
name = "mypy-protobuf"
version = "3.4.0"
description = "Generate mypy stub files from protobuf specs"
category = "dev"
optional = false
python-versions = ">=3.7"
files = [
    {file = "mypy-protobuf-3.4.0.tar.gz", hash = "sha256:7d75a079651b105076776a35a5405e3fa773b8a167118f1b712e443e9a6c18a2"},
    {file = "mypy_protobuf-3.4.0-py3-none-any.whl", hash = "sha256:da33dfde7547ff57e5ba5564126cbfa114f14413b2fa50759b1fa5de1e4ab511"},
]

[package.dependencies]
protobuf = ">=4.21.8"
types-protobuf = ">=3.20.4"

[[package]]
name = "nodeenv"
version = "1.7.0"
description = "Node.js virtual environment builder"
category = "dev"
optional = false
python-versions = ">=2.7,!=3.0.*,!=3.1.*,!=3.2.*,!=3.3.*,!=3.4.*,!=3.5.*,!=3.6.*"
files = [
    {file = "nodeenv-1.7.0-py2.py3-none-any.whl", hash = "sha256:27083a7b96a25f2f5e1d8cb4b6317ee8aeda3bdd121394e5ac54e498028a042e"},
    {file = "nodeenv-1.7.0.tar.gz", hash = "sha256:e0e7f7dfb85fc5394c6fe1e8fa98131a2473e04311a45afb6508f7cf1836fa2b"},
]

[package.dependencies]
setuptools = "*"

[[package]]
name = "packaging"
version = "23.0"
description = "Core utilities for Python packages"
category = "dev"
optional = false
python-versions = ">=3.7"
files = [
    {file = "packaging-23.0-py3-none-any.whl", hash = "sha256:714ac14496c3e68c99c29b00845f7a2b85f3bb6f1078fd9f72fd20f0570002b2"},
    {file = "packaging-23.0.tar.gz", hash = "sha256:b6ad297f8907de0fa2fe1ccbd26fdaf387f5f47c7275fedf8cce89f99446cf97"},
]

[[package]]
name = "pathspec"
version = "0.11.0"
description = "Utility library for gitignore style pattern matching of file paths."
category = "dev"
optional = false
python-versions = ">=3.7"
files = [
    {file = "pathspec-0.11.0-py3-none-any.whl", hash = "sha256:3a66eb970cbac598f9e5ccb5b2cf58930cd8e3ed86d393d541eaf2d8b1705229"},
    {file = "pathspec-0.11.0.tar.gz", hash = "sha256:64d338d4e0914e91c1792321e6907b5a593f1ab1851de7fc269557a21b30ebbc"},
]

[[package]]
name = "platformdirs"
version = "2.6.2"
description = "A small Python package for determining appropriate platform-specific dirs, e.g. a \"user data dir\"."
category = "dev"
optional = false
python-versions = ">=3.7"
files = [
    {file = "platformdirs-2.6.2-py3-none-any.whl", hash = "sha256:83c8f6d04389165de7c9b6f0c682439697887bca0aa2f1c87ef1826be3584490"},
    {file = "platformdirs-2.6.2.tar.gz", hash = "sha256:e1fea1fe471b9ff8332e229df3cb7de4f53eeea4998d3b6bfff542115e998bd2"},
]

[package.extras]
docs = ["furo (>=2022.12.7)", "proselint (>=0.13)", "sphinx (>=5.3)", "sphinx-autodoc-typehints (>=1.19.5)"]
test = ["appdirs (==1.4.4)", "covdefaults (>=2.2.2)", "pytest (>=7.2)", "pytest-cov (>=4)", "pytest-mock (>=3.10)"]

[[package]]
name = "pre-commit"
version = "3.1.0"
description = "A framework for managing and maintaining multi-language pre-commit hooks."
category = "dev"
optional = false
python-versions = ">=3.8"
files = [
    {file = "pre_commit-3.1.0-py2.py3-none-any.whl", hash = "sha256:7001dfcd174540658822b1fd3630ceadf4f41375a5d1844b5c3b3830f227348c"},
    {file = "pre_commit-3.1.0.tar.gz", hash = "sha256:61bd9f1b96d3d1e763f2a9a0f8522aed341646800642ff6803c73fac5781f5b7"},
]

[package.dependencies]
cfgv = ">=2.0.0"
identify = ">=1.0.0"
nodeenv = ">=0.11.1"
pyyaml = ">=5.1"
virtualenv = ">=20.10.0"

[[package]]
name = "protobuf"
version = "4.22.0"
description = ""
category = "main"
optional = false
python-versions = ">=3.7"
files = [
    {file = "protobuf-4.22.0-cp310-abi3-win32.whl", hash = "sha256:b2fea9dc8e3c0f32c38124790ef16cba2ee0628fe2022a52e435e1117bfef9b1"},
    {file = "protobuf-4.22.0-cp310-abi3-win_amd64.whl", hash = "sha256:a33a273d21852f911b8bda47f39f4383fe7c061eb1814db2c76c9875c89c2491"},
    {file = "protobuf-4.22.0-cp37-abi3-macosx_10_9_universal2.whl", hash = "sha256:e894e9ae603e963f0842498c4cd5d39c6a60f0d7e4c103df50ee939564298658"},
    {file = "protobuf-4.22.0-cp37-abi3-manylinux2014_aarch64.whl", hash = "sha256:7c535d126e7dcc714105ab20b418c4fedbd28f8b8afc42b7350b1e317bbbcc71"},
    {file = "protobuf-4.22.0-cp37-abi3-manylinux2014_x86_64.whl", hash = "sha256:86c3d20428b007537ba6792b475c0853bba7f66b1f60e610d913b77d94b486e4"},
    {file = "protobuf-4.22.0-cp37-cp37m-win32.whl", hash = "sha256:1669cb7524221a8e2d9008d0842453dbefdd0fcdd64d67672f657244867635fb"},
    {file = "protobuf-4.22.0-cp37-cp37m-win_amd64.whl", hash = "sha256:ab4d043865dd04e6b09386981fe8f80b39a1e46139fb4a3c206229d6b9f36ff6"},
    {file = "protobuf-4.22.0-cp38-cp38-win32.whl", hash = "sha256:29288813aacaa302afa2381db1d6e0482165737b0afdf2811df5fa99185c457b"},
    {file = "protobuf-4.22.0-cp38-cp38-win_amd64.whl", hash = "sha256:e474b63bab0a2ea32a7b26a4d8eec59e33e709321e5e16fb66e766b61b82a95e"},
    {file = "protobuf-4.22.0-cp39-cp39-win32.whl", hash = "sha256:47d31bdf58222dd296976aa1646c68c6ee80b96d22e0a3c336c9174e253fd35e"},
    {file = "protobuf-4.22.0-cp39-cp39-win_amd64.whl", hash = "sha256:c27f371f0159feb70e6ea52ed7e768b3f3a4c5676c1900a7e51a24740381650e"},
    {file = "protobuf-4.22.0-py3-none-any.whl", hash = "sha256:c3325803095fb4c2a48649c321d2fbde59f8fbfcb9bfc7a86df27d112831c571"},
    {file = "protobuf-4.22.0.tar.gz", hash = "sha256:652d8dfece122a24d98eebfef30e31e455d300efa41999d1182e015984ac5930"},
]

[[package]]
name = "pyyaml"
version = "6.0"
description = "YAML parser and emitter for Python"
category = "dev"
optional = false
python-versions = ">=3.6"
files = [
    {file = "PyYAML-6.0-cp310-cp310-macosx_10_9_x86_64.whl", hash = "sha256:d4db7c7aef085872ef65a8fd7d6d09a14ae91f691dec3e87ee5ee0539d516f53"},
    {file = "PyYAML-6.0-cp310-cp310-macosx_11_0_arm64.whl", hash = "sha256:9df7ed3b3d2e0ecfe09e14741b857df43adb5a3ddadc919a2d94fbdf78fea53c"},
    {file = "PyYAML-6.0-cp310-cp310-manylinux_2_17_aarch64.manylinux2014_aarch64.whl", hash = "sha256:77f396e6ef4c73fdc33a9157446466f1cff553d979bd00ecb64385760c6babdc"},
    {file = "PyYAML-6.0-cp310-cp310-manylinux_2_17_s390x.manylinux2014_s390x.whl", hash = "sha256:a80a78046a72361de73f8f395f1f1e49f956c6be882eed58505a15f3e430962b"},
    {file = "PyYAML-6.0-cp310-cp310-manylinux_2_5_x86_64.manylinux1_x86_64.manylinux_2_12_x86_64.manylinux2010_x86_64.whl", hash = "sha256:f84fbc98b019fef2ee9a1cb3ce93e3187a6df0b2538a651bfb890254ba9f90b5"},
    {file = "PyYAML-6.0-cp310-cp310-win32.whl", hash = "sha256:2cd5df3de48857ed0544b34e2d40e9fac445930039f3cfe4bcc592a1f836d513"},
    {file = "PyYAML-6.0-cp310-cp310-win_amd64.whl", hash = "sha256:daf496c58a8c52083df09b80c860005194014c3698698d1a57cbcfa182142a3a"},
    {file = "PyYAML-6.0-cp311-cp311-macosx_10_9_x86_64.whl", hash = "sha256:d4b0ba9512519522b118090257be113b9468d804b19d63c71dbcf4a48fa32358"},
    {file = "PyYAML-6.0-cp311-cp311-macosx_11_0_arm64.whl", hash = "sha256:81957921f441d50af23654aa6c5e5eaf9b06aba7f0a19c18a538dc7ef291c5a1"},
    {file = "PyYAML-6.0-cp311-cp311-manylinux_2_17_aarch64.manylinux2014_aarch64.whl", hash = "sha256:afa17f5bc4d1b10afd4466fd3a44dc0e245382deca5b3c353d8b757f9e3ecb8d"},
    {file = "PyYAML-6.0-cp311-cp311-manylinux_2_17_s390x.manylinux2014_s390x.whl", hash = "sha256:dbad0e9d368bb989f4515da330b88a057617d16b6a8245084f1b05400f24609f"},
    {file = "PyYAML-6.0-cp311-cp311-manylinux_2_17_x86_64.manylinux2014_x86_64.whl", hash = "sha256:432557aa2c09802be39460360ddffd48156e30721f5e8d917f01d31694216782"},
    {file = "PyYAML-6.0-cp311-cp311-win32.whl", hash = "sha256:bfaef573a63ba8923503d27530362590ff4f576c626d86a9fed95822a8255fd7"},
    {file = "PyYAML-6.0-cp311-cp311-win_amd64.whl", hash = "sha256:01b45c0191e6d66c470b6cf1b9531a771a83c1c4208272ead47a3ae4f2f603bf"},
    {file = "PyYAML-6.0-cp36-cp36m-macosx_10_9_x86_64.whl", hash = "sha256:897b80890765f037df3403d22bab41627ca8811ae55e9a722fd0392850ec4d86"},
    {file = "PyYAML-6.0-cp36-cp36m-manylinux_2_17_aarch64.manylinux2014_aarch64.whl", hash = "sha256:50602afada6d6cbfad699b0c7bb50d5ccffa7e46a3d738092afddc1f9758427f"},
    {file = "PyYAML-6.0-cp36-cp36m-manylinux_2_17_s390x.manylinux2014_s390x.whl", hash = "sha256:48c346915c114f5fdb3ead70312bd042a953a8ce5c7106d5bfb1a5254e47da92"},
    {file = "PyYAML-6.0-cp36-cp36m-manylinux_2_5_x86_64.manylinux1_x86_64.manylinux_2_12_x86_64.manylinux2010_x86_64.whl", hash = "sha256:98c4d36e99714e55cfbaaee6dd5badbc9a1ec339ebfc3b1f52e293aee6bb71a4"},
    {file = "PyYAML-6.0-cp36-cp36m-win32.whl", hash = "sha256:0283c35a6a9fbf047493e3a0ce8d79ef5030852c51e9d911a27badfde0605293"},
    {file = "PyYAML-6.0-cp36-cp36m-win_amd64.whl", hash = "sha256:07751360502caac1c067a8132d150cf3d61339af5691fe9e87803040dbc5db57"},
    {file = "PyYAML-6.0-cp37-cp37m-macosx_10_9_x86_64.whl", hash = "sha256:819b3830a1543db06c4d4b865e70ded25be52a2e0631ccd2f6a47a2822f2fd7c"},
    {file = "PyYAML-6.0-cp37-cp37m-manylinux_2_17_aarch64.manylinux2014_aarch64.whl", hash = "sha256:473f9edb243cb1935ab5a084eb238d842fb8f404ed2193a915d1784b5a6b5fc0"},
    {file = "PyYAML-6.0-cp37-cp37m-manylinux_2_17_s390x.manylinux2014_s390x.whl", hash = "sha256:0ce82d761c532fe4ec3f87fc45688bdd3a4c1dc5e0b4a19814b9009a29baefd4"},
    {file = "PyYAML-6.0-cp37-cp37m-manylinux_2_5_x86_64.manylinux1_x86_64.manylinux_2_12_x86_64.manylinux2010_x86_64.whl", hash = "sha256:231710d57adfd809ef5d34183b8ed1eeae3f76459c18fb4a0b373ad56bedcdd9"},
    {file = "PyYAML-6.0-cp37-cp37m-win32.whl", hash = "sha256:c5687b8d43cf58545ade1fe3e055f70eac7a5a1a0bf42824308d868289a95737"},
    {file = "PyYAML-6.0-cp37-cp37m-win_amd64.whl", hash = "sha256:d15a181d1ecd0d4270dc32edb46f7cb7733c7c508857278d3d378d14d606db2d"},
    {file = "PyYAML-6.0-cp38-cp38-macosx_10_9_x86_64.whl", hash = "sha256:0b4624f379dab24d3725ffde76559cff63d9ec94e1736b556dacdfebe5ab6d4b"},
    {file = "PyYAML-6.0-cp38-cp38-manylinux_2_17_aarch64.manylinux2014_aarch64.whl", hash = "sha256:213c60cd50106436cc818accf5baa1aba61c0189ff610f64f4a3e8c6726218ba"},
    {file = "PyYAML-6.0-cp38-cp38-manylinux_2_17_s390x.manylinux2014_s390x.whl", hash = "sha256:9fa600030013c4de8165339db93d182b9431076eb98eb40ee068700c9c813e34"},
    {file = "PyYAML-6.0-cp38-cp38-manylinux_2_5_x86_64.manylinux1_x86_64.manylinux_2_12_x86_64.manylinux2010_x86_64.whl", hash = "sha256:277a0ef2981ca40581a47093e9e2d13b3f1fbbeffae064c1d21bfceba2030287"},
    {file = "PyYAML-6.0-cp38-cp38-win32.whl", hash = "sha256:d4eccecf9adf6fbcc6861a38015c2a64f38b9d94838ac1810a9023a0609e1b78"},
    {file = "PyYAML-6.0-cp38-cp38-win_amd64.whl", hash = "sha256:1e4747bc279b4f613a09eb64bba2ba602d8a6664c6ce6396a4d0cd413a50ce07"},
    {file = "PyYAML-6.0-cp39-cp39-macosx_10_9_x86_64.whl", hash = "sha256:055d937d65826939cb044fc8c9b08889e8c743fdc6a32b33e2390f66013e449b"},
    {file = "PyYAML-6.0-cp39-cp39-macosx_11_0_arm64.whl", hash = "sha256:e61ceaab6f49fb8bdfaa0f92c4b57bcfbea54c09277b1b4f7ac376bfb7a7c174"},
    {file = "PyYAML-6.0-cp39-cp39-manylinux_2_17_aarch64.manylinux2014_aarch64.whl", hash = "sha256:d67d839ede4ed1b28a4e8909735fc992a923cdb84e618544973d7dfc71540803"},
    {file = "PyYAML-6.0-cp39-cp39-manylinux_2_17_s390x.manylinux2014_s390x.whl", hash = "sha256:cba8c411ef271aa037d7357a2bc8f9ee8b58b9965831d9e51baf703280dc73d3"},
    {file = "PyYAML-6.0-cp39-cp39-manylinux_2_5_x86_64.manylinux1_x86_64.manylinux_2_12_x86_64.manylinux2010_x86_64.whl", hash = "sha256:40527857252b61eacd1d9af500c3337ba8deb8fc298940291486c465c8b46ec0"},
    {file = "PyYAML-6.0-cp39-cp39-win32.whl", hash = "sha256:b5b9eccad747aabaaffbc6064800670f0c297e52c12754eb1d976c57e4f74dcb"},
    {file = "PyYAML-6.0-cp39-cp39-win_amd64.whl", hash = "sha256:b3d267842bf12586ba6c734f89d1f5b871df0273157918b0ccefa29deb05c21c"},
    {file = "PyYAML-6.0.tar.gz", hash = "sha256:68fb519c14306fec9720a2a5b45bc9f0c8d1b9c72adf45c37baedfcd949c35a2"},
]

[[package]]
name = "setuptools"
version = "67.0.0"
description = "Easily download, build, install, upgrade, and uninstall Python packages"
category = "dev"
optional = false
python-versions = ">=3.7"
files = [
    {file = "setuptools-67.0.0-py3-none-any.whl", hash = "sha256:9d790961ba6219e9ff7d9557622d2fe136816a264dd01d5997cfc057d804853d"},
    {file = "setuptools-67.0.0.tar.gz", hash = "sha256:883131c5b6efa70b9101c7ef30b2b7b780a4283d5fc1616383cdf22c83cbefe6"},
]

[package.extras]
docs = ["furo", "jaraco.packaging (>=9)", "jaraco.tidelift (>=1.4)", "pygments-github-lexers (==0.0.5)", "rst.linker (>=1.9)", "sphinx (>=3.5)", "sphinx-favicon", "sphinx-hoverxref (<2)", "sphinx-inline-tabs", "sphinx-lint", "sphinx-notfound-page (==0.8.3)", "sphinx-reredirects", "sphinxcontrib-towncrier"]
testing = ["build[virtualenv]", "filelock (>=3.4.0)", "flake8 (<5)", "flake8-2020", "ini2toml[lite] (>=0.9)", "jaraco.envs (>=2.2)", "jaraco.path (>=3.2.0)", "pip (>=19.1)", "pip-run (>=8.8)", "pytest (>=6)", "pytest-black (>=0.3.7)", "pytest-checkdocs (>=2.4)", "pytest-cov", "pytest-enabler (>=1.3)", "pytest-flake8", "pytest-mypy (>=0.9.1)", "pytest-perf", "pytest-timeout", "pytest-xdist", "tomli-w (>=1.0.0)", "virtualenv (>=13.0.0)", "wheel"]
testing-integration = ["build[virtualenv]", "filelock (>=3.4.0)", "jaraco.envs (>=2.2)", "jaraco.path (>=3.2.0)", "pytest", "pytest-enabler", "pytest-xdist", "tomli", "virtualenv (>=13.0.0)", "wheel"]

[[package]]
name = "tomli"
version = "2.0.1"
description = "A lil' TOML parser"
category = "dev"
optional = false
python-versions = ">=3.7"
files = [
    {file = "tomli-2.0.1-py3-none-any.whl", hash = "sha256:939de3e7a6161af0c887ef91b7d41a53e7c5a1ca976325f429cb46ea9bc30ecc"},
    {file = "tomli-2.0.1.tar.gz", hash = "sha256:de526c12914f0c550d15924c62d72abc48d6fe7364aa87328337a31007fe8a4f"},
]

[[package]]
name = "types-protobuf"
version = "4.21.0.3"
description = "Typing stubs for protobuf"
category = "dev"
optional = false
python-versions = "*"
files = [
    {file = "types-protobuf-4.21.0.3.tar.gz", hash = "sha256:824109e0fe87525a9d2da4cc4eec36ca004f1a0f3d1c0838cfd2873a484cffdd"},
    {file = "types_protobuf-4.21.0.3-py3-none-any.whl", hash = "sha256:6c87c7f8df61d57a53de8221777e4fcc3c7ed24419fbf43b8e9f50887f3773fa"},
]

[[package]]
name = "typing-extensions"
version = "4.4.0"
description = "Backported and Experimental Type Hints for Python 3.7+"
category = "dev"
optional = false
python-versions = ">=3.7"
files = [
    {file = "typing_extensions-4.4.0-py3-none-any.whl", hash = "sha256:16fa4864408f655d35ec496218b85f79b3437c829e93320c7c9215ccfd92489e"},
    {file = "typing_extensions-4.4.0.tar.gz", hash = "sha256:1511434bb92bf8dd198c12b1cc812e800d4181cfcb867674e0f8279cc93087aa"},
]

[[package]]
name = "virtualenv"
version = "20.17.1"
description = "Virtual Python Environment builder"
category = "dev"
optional = false
python-versions = ">=3.6"
files = [
    {file = "virtualenv-20.17.1-py3-none-any.whl", hash = "sha256:ce3b1684d6e1a20a3e5ed36795a97dfc6af29bc3970ca8dab93e11ac6094b3c4"},
    {file = "virtualenv-20.17.1.tar.gz", hash = "sha256:f8b927684efc6f1cc206c9db297a570ab9ad0e51c16fa9e45487d36d1905c058"},
]

[package.dependencies]
distlib = ">=0.3.6,<1"
filelock = ">=3.4.1,<4"
platformdirs = ">=2.4,<3"

[package.extras]
docs = ["proselint (>=0.13)", "sphinx (>=5.3)", "sphinx-argparse (>=0.3.2)", "sphinx-rtd-theme (>=1)", "towncrier (>=22.8)"]
testing = ["coverage (>=6.2)", "coverage-enable-subprocess (>=1)", "flaky (>=3.7)", "packaging (>=21.3)", "pytest (>=7.0.1)", "pytest-env (>=0.6.2)", "pytest-freezegun (>=0.4.2)", "pytest-mock (>=3.6.1)", "pytest-randomly (>=3.10.3)", "pytest-timeout (>=2.1)"]

[metadata]
lock-version = "2.0"
python-versions = "^3.9"
content-hash = "a66239375e1379a1708b588b935aa20781faed645e091b2a3b68f476e1ce42f8"
