# This file is automatically @generated by Poetry 1.6.1 and should not be changed by hand.

[[package]]
name = "black"
version = "23.10.1"
description = "The uncompromising code formatter."
optional = false
python-versions = ">=3.8"
files = [
    {file = "black-23.10.1-cp310-cp310-macosx_10_16_arm64.whl", hash = "sha256:ec3f8e6234c4e46ff9e16d9ae96f4ef69fa328bb4ad08198c8cee45bb1f08c69"},
    {file = "black-23.10.1-cp310-cp310-macosx_10_16_x86_64.whl", hash = "sha256:1b917a2aa020ca600483a7b340c165970b26e9029067f019e3755b56e8dd5916"},
    {file = "black-23.10.1-cp310-cp310-manylinux_2_17_x86_64.manylinux2014_x86_64.whl", hash = "sha256:9c74de4c77b849e6359c6f01987e94873c707098322b91490d24296f66d067dc"},
    {file = "black-23.10.1-cp310-cp310-win_amd64.whl", hash = "sha256:7b4d10b0f016616a0d93d24a448100adf1699712fb7a4efd0e2c32bbb219b173"},
    {file = "black-23.10.1-cp311-cp311-macosx_10_16_arm64.whl", hash = "sha256:b15b75fc53a2fbcac8a87d3e20f69874d161beef13954747e053bca7a1ce53a0"},
    {file = "black-23.10.1-cp311-cp311-macosx_10_16_x86_64.whl", hash = "sha256:e293e4c2f4a992b980032bbd62df07c1bcff82d6964d6c9496f2cd726e246ace"},
    {file = "black-23.10.1-cp311-cp311-manylinux_2_17_x86_64.manylinux2014_x86_64.whl", hash = "sha256:7d56124b7a61d092cb52cce34182a5280e160e6aff3137172a68c2c2c4b76bcb"},
    {file = "black-23.10.1-cp311-cp311-win_amd64.whl", hash = "sha256:3f157a8945a7b2d424da3335f7ace89c14a3b0625e6593d21139c2d8214d55ce"},
    {file = "black-23.10.1-cp38-cp38-macosx_10_16_arm64.whl", hash = "sha256:cfcce6f0a384d0da692119f2d72d79ed07c7159879d0bb1bb32d2e443382bf3a"},
    {file = "black-23.10.1-cp38-cp38-macosx_10_16_x86_64.whl", hash = "sha256:33d40f5b06be80c1bbce17b173cda17994fbad096ce60eb22054da021bf933d1"},
    {file = "black-23.10.1-cp38-cp38-manylinux_2_17_x86_64.manylinux2014_x86_64.whl", hash = "sha256:840015166dbdfbc47992871325799fd2dc0dcf9395e401ada6d88fe11498abad"},
    {file = "black-23.10.1-cp38-cp38-win_amd64.whl", hash = "sha256:037e9b4664cafda5f025a1728c50a9e9aedb99a759c89f760bd83730e76ba884"},
    {file = "black-23.10.1-cp39-cp39-macosx_10_16_arm64.whl", hash = "sha256:7cb5936e686e782fddb1c73f8aa6f459e1ad38a6a7b0e54b403f1f05a1507ee9"},
    {file = "black-23.10.1-cp39-cp39-macosx_10_16_x86_64.whl", hash = "sha256:7670242e90dc129c539e9ca17665e39a146a761e681805c54fbd86015c7c84f7"},
    {file = "black-23.10.1-cp39-cp39-manylinux_2_17_x86_64.manylinux2014_x86_64.whl", hash = "sha256:5ed45ac9a613fb52dad3b61c8dea2ec9510bf3108d4db88422bacc7d1ba1243d"},
    {file = "black-23.10.1-cp39-cp39-win_amd64.whl", hash = "sha256:6d23d7822140e3fef190734216cefb262521789367fbdc0b3f22af6744058982"},
    {file = "black-23.10.1-py3-none-any.whl", hash = "sha256:d431e6739f727bb2e0495df64a6c7a5310758e87505f5f8cde9ff6c0f2d7e4fe"},
    {file = "black-23.10.1.tar.gz", hash = "sha256:1f8ce316753428ff68749c65a5f7844631aa18c8679dfd3ca9dc1a289979c258"},
]

[package.dependencies]
click = ">=8.0.0"
mypy-extensions = ">=0.4.3"
packaging = ">=22.0"
pathspec = ">=0.9.0"
platformdirs = ">=2"
tomli = {version = ">=1.1.0", markers = "python_version < \"3.11\""}
typing-extensions = {version = ">=4.0.1", markers = "python_version < \"3.11\""}

[package.extras]
colorama = ["colorama (>=0.4.3)"]
d = ["aiohttp (>=3.7.4)"]
jupyter = ["ipython (>=7.8.0)", "tokenize-rt (>=3.2.0)"]
uvloop = ["uvloop (>=0.15.2)"]

[[package]]
name = "cfgv"
version = "3.3.1"
description = "Validate configuration and produce human readable error messages."
optional = false
python-versions = ">=3.6.1"
files = [
    {file = "cfgv-3.3.1-py2.py3-none-any.whl", hash = "sha256:c6a0883f3917a037485059700b9e75da2464e6c27051014ad85ba6aaa5884426"},
    {file = "cfgv-3.3.1.tar.gz", hash = "sha256:f5a830efb9ce7a445376bb66ec94c638a9787422f96264c98edc6bdeed8ab736"},
]

[[package]]
name = "click"
version = "8.1.3"
description = "Composable command line interface toolkit"
optional = false
python-versions = ">=3.7"
files = [
    {file = "click-8.1.3-py3-none-any.whl", hash = "sha256:bb4d8133cb15a609f44e8213d9b391b0809795062913b383c62be0ee95b1db48"},
    {file = "click-8.1.3.tar.gz", hash = "sha256:7682dc8afb30297001674575ea00d1814d808d6a36af415a82bd481d37ba7b8e"},
]

[package.dependencies]
colorama = {version = "*", markers = "platform_system == \"Windows\""}

[[package]]
name = "colorama"
version = "0.4.6"
description = "Cross-platform colored terminal text."
optional = false
python-versions = "!=3.0.*,!=3.1.*,!=3.2.*,!=3.3.*,!=3.4.*,!=3.5.*,!=3.6.*,>=2.7"
files = [
    {file = "colorama-0.4.6-py2.py3-none-any.whl", hash = "sha256:4f1d9991f5acc0ca119f9d443620b77f9d6b33703e51011c16baf57afb285fc6"},
    {file = "colorama-0.4.6.tar.gz", hash = "sha256:08695f5cb7ed6e0531a20572697297273c47b8cae5a63ffc6d6ed5c201be6e44"},
]

[[package]]
name = "distlib"
version = "0.3.6"
description = "Distribution utilities"
optional = false
python-versions = "*"
files = [
    {file = "distlib-0.3.6-py2.py3-none-any.whl", hash = "sha256:f35c4b692542ca110de7ef0bea44d73981caeb34ca0b9b6b2e6d7790dda8f80e"},
    {file = "distlib-0.3.6.tar.gz", hash = "sha256:14bad2d9b04d3a36127ac97f30b12a19268f211063d8f8ee4f47108896e11b46"},
]

[[package]]
name = "filelock"
version = "3.9.0"
description = "A platform independent file lock."
optional = false
python-versions = ">=3.7"
files = [
    {file = "filelock-3.9.0-py3-none-any.whl", hash = "sha256:f58d535af89bb9ad5cd4df046f741f8553a418c01a7856bf0d173bbc9f6bd16d"},
    {file = "filelock-3.9.0.tar.gz", hash = "sha256:7b319f24340b51f55a2bf7a12ac0755a9b03e718311dac567a0f4f7fabd2f5de"},
]

[package.extras]
docs = ["furo (>=2022.12.7)", "sphinx (>=5.3)", "sphinx-autodoc-typehints (>=1.19.5)"]
testing = ["covdefaults (>=2.2.2)", "coverage (>=7.0.1)", "pytest (>=7.2)", "pytest-cov (>=4)", "pytest-timeout (>=2.1)"]

[[package]]
name = "grpc-stubs"
version = "1.53.0.3"
description = "Mypy stubs for gRPC"
optional = false
python-versions = ">=3.6"
files = [
    {file = "grpc-stubs-1.53.0.3.tar.gz", hash = "sha256:6e5d75cdc88c0ba918e2f8395851f1e6a7c19a7c7fc3e902bde4601c7a1cbf96"},
    {file = "grpc_stubs-1.53.0.3-py3-none-any.whl", hash = "sha256:312c3c697089344936c9779118a105bcc4ccc8eef053265f3f23086acdba2683"},
]

[package.dependencies]
grpcio = "*"

[[package]]
name = "grpcio"
version = "1.59.2"
description = "HTTP/2-based RPC framework"
optional = false
python-versions = ">=3.7"
files = [
    {file = "grpcio-1.59.2-cp310-cp310-linux_armv7l.whl", hash = "sha256:d2fa68a96a30dd240be80bbad838a0ac81a61770611ff7952b889485970c4c71"},
    {file = "grpcio-1.59.2-cp310-cp310-macosx_12_0_universal2.whl", hash = "sha256:cf0dead5a2c5a3347af2cfec7131d4f2a2e03c934af28989c9078f8241a491fa"},
    {file = "grpcio-1.59.2-cp310-cp310-manylinux_2_17_aarch64.whl", hash = "sha256:e420ced29b5904cdf9ee5545e23f9406189d8acb6750916c2db4793dada065c6"},
    {file = "grpcio-1.59.2-cp310-cp310-manylinux_2_17_i686.manylinux2014_i686.whl", hash = "sha256:2b230028a008ae1d0f430acb227d323ff8a619017415cf334c38b457f814119f"},
    {file = "grpcio-1.59.2-cp310-cp310-manylinux_2_17_x86_64.manylinux2014_x86_64.whl", hash = "sha256:0a4a3833c0e067f3558538727235cd8a49709bff1003200bbdefa2f09334e4b1"},
    {file = "grpcio-1.59.2-cp310-cp310-musllinux_1_1_i686.whl", hash = "sha256:6b25ed37c27e652db01be341af93fbcea03d296c024d8a0e680017a268eb85dd"},
    {file = "grpcio-1.59.2-cp310-cp310-musllinux_1_1_x86_64.whl", hash = "sha256:73abb8584b0cf74d37f5ef61c10722adc7275502ab71789a8fe3cb7ef04cf6e2"},
    {file = "grpcio-1.59.2-cp310-cp310-win32.whl", hash = "sha256:d6f70406695e3220f09cd7a2f879333279d91aa4a8a1d34303b56d61a8180137"},
    {file = "grpcio-1.59.2-cp310-cp310-win_amd64.whl", hash = "sha256:3c61d641d4f409c5ae46bfdd89ea42ce5ea233dcf69e74ce9ba32b503c727e29"},
    {file = "grpcio-1.59.2-cp311-cp311-linux_armv7l.whl", hash = "sha256:3059668df17627f0e0fa680e9ef8c995c946c792612e9518f5cc1503be14e90b"},
    {file = "grpcio-1.59.2-cp311-cp311-macosx_10_10_universal2.whl", hash = "sha256:72ca2399097c0b758198f2ff30f7178d680de8a5cfcf3d9b73a63cf87455532e"},
    {file = "grpcio-1.59.2-cp311-cp311-manylinux_2_17_aarch64.whl", hash = "sha256:c978f864b35f2261e0819f5cd88b9830b04dc51bcf055aac3c601e525a10d2ba"},
    {file = "grpcio-1.59.2-cp311-cp311-manylinux_2_17_i686.manylinux2014_i686.whl", hash = "sha256:9411e24328a2302e279e70cae6e479f1fddde79629fcb14e03e6d94b3956eabf"},
    {file = "grpcio-1.59.2-cp311-cp311-manylinux_2_17_x86_64.manylinux2014_x86_64.whl", hash = "sha256:bb7e0fe6ad73b7f06d7e2b689c19a71cf5cc48f0c2bf8608469e51ffe0bd2867"},
    {file = "grpcio-1.59.2-cp311-cp311-musllinux_1_1_i686.whl", hash = "sha256:c2504eed520958a5b77cc99458297cb7906308cb92327f35fb7fbbad4e9b2188"},
    {file = "grpcio-1.59.2-cp311-cp311-musllinux_1_1_x86_64.whl", hash = "sha256:2171c39f355ba5b551c5d5928d65aa6c69807fae195b86ef4a7d125bcdb860a9"},
    {file = "grpcio-1.59.2-cp311-cp311-win32.whl", hash = "sha256:d2794f0e68b3085d99b4f6ff9c089f6fdd02b32b9d3efdfbb55beac1bf22d516"},
    {file = "grpcio-1.59.2-cp311-cp311-win_amd64.whl", hash = "sha256:2067274c88bc6de89c278a672a652b4247d088811ece781a4858b09bdf8448e3"},
    {file = "grpcio-1.59.2-cp312-cp312-linux_armv7l.whl", hash = "sha256:535561990e075fa6bd4b16c4c3c1096b9581b7bb35d96fac4650f1181e428268"},
    {file = "grpcio-1.59.2-cp312-cp312-macosx_10_10_universal2.whl", hash = "sha256:a213acfbf186b9f35803b52e4ca9addb153fc0b67f82a48f961be7000ecf6721"},
    {file = "grpcio-1.59.2-cp312-cp312-manylinux_2_17_aarch64.whl", hash = "sha256:6959fb07e8351e20501ffb8cc4074c39a0b7ef123e1c850a7f8f3afdc3a3da01"},
    {file = "grpcio-1.59.2-cp312-cp312-manylinux_2_17_i686.manylinux2014_i686.whl", hash = "sha256:e82c5cf1495244adf5252f925ac5932e5fd288b3e5ab6b70bec5593074b7236c"},
    {file = "grpcio-1.59.2-cp312-cp312-manylinux_2_17_x86_64.manylinux2014_x86_64.whl", hash = "sha256:023088764012411affe7db183d1ada3ad9daf2e23ddc719ff46d7061de661340"},
    {file = "grpcio-1.59.2-cp312-cp312-musllinux_1_1_i686.whl", hash = "sha256:da2d94c15f88cd40d7e67f7919d4f60110d2b9d5b1e08cf354c2be773ab13479"},
    {file = "grpcio-1.59.2-cp312-cp312-musllinux_1_1_x86_64.whl", hash = "sha256:6009386a2df66159f64ac9f20425ae25229b29b9dd0e1d3dd60043f037e2ad7e"},
    {file = "grpcio-1.59.2-cp312-cp312-win32.whl", hash = "sha256:75c6ecb70e809cf1504465174343113f51f24bc61e22a80ae1c859f3f7034c6d"},
    {file = "grpcio-1.59.2-cp312-cp312-win_amd64.whl", hash = "sha256:cbe946b3e6e60a7b4618f091e62a029cb082b109a9d6b53962dd305087c6e4fd"},
    {file = "grpcio-1.59.2-cp37-cp37m-linux_armv7l.whl", hash = "sha256:f8753a6c88d1d0ba64302309eecf20f70d2770f65ca02d83c2452279085bfcd3"},
    {file = "grpcio-1.59.2-cp37-cp37m-macosx_10_10_universal2.whl", hash = "sha256:f1ef0d39bc1feb420caf549b3c657c871cad4ebbcf0580c4d03816b0590de0cf"},
    {file = "grpcio-1.59.2-cp37-cp37m-manylinux_2_17_aarch64.whl", hash = "sha256:4c93f4abbb54321ee6471e04a00139c80c754eda51064187963ddf98f5cf36a4"},
    {file = "grpcio-1.59.2-cp37-cp37m-manylinux_2_17_i686.manylinux2014_i686.whl", hash = "sha256:08d77e682f2bf730a4961eea330e56d2f423c6a9b91ca222e5b1eb24a357b19f"},
    {file = "grpcio-1.59.2-cp37-cp37m-manylinux_2_17_x86_64.manylinux2014_x86_64.whl", hash = "sha256:1ff16d68bf453275466a9a46739061a63584d92f18a0f5b33d19fc97eb69867c"},
    {file = "grpcio-1.59.2-cp37-cp37m-musllinux_1_1_i686.whl", hash = "sha256:4abb717e320e74959517dc8e84a9f48fbe90e9abe19c248541e9418b1ce60acd"},
    {file = "grpcio-1.59.2-cp37-cp37m-musllinux_1_1_x86_64.whl", hash = "sha256:36f53c2b3449c015880e7d55a89c992c357f176327b0d2873cdaaf9628a37c69"},
    {file = "grpcio-1.59.2-cp37-cp37m-win_amd64.whl", hash = "sha256:cc3e4cd087f07758b16bef8f31d88dbb1b5da5671d2f03685ab52dece3d7a16e"},
    {file = "grpcio-1.59.2-cp38-cp38-linux_armv7l.whl", hash = "sha256:27f879ae604a7fcf371e59fba6f3ff4635a4c2a64768bd83ff0cac503142fef4"},
    {file = "grpcio-1.59.2-cp38-cp38-macosx_10_10_universal2.whl", hash = "sha256:7cf05053242f61ba94014dd3a986e11a083400a32664058f80bf4cf817c0b3a1"},
    {file = "grpcio-1.59.2-cp38-cp38-manylinux_2_17_aarch64.whl", hash = "sha256:e1727c1c0e394096bb9af185c6923e8ea55a5095b8af44f06903bcc0e06800a2"},
    {file = "grpcio-1.59.2-cp38-cp38-manylinux_2_17_i686.manylinux2014_i686.whl", hash = "sha256:5d573e70a6fe77555fb6143c12d3a7d3fa306632a3034b4e7c59ca09721546f8"},
    {file = "grpcio-1.59.2-cp38-cp38-manylinux_2_17_x86_64.manylinux2014_x86_64.whl", hash = "sha256:31176aa88f36020055ace9adff2405a33c8bdbfa72a9c4980e25d91b2f196873"},
    {file = "grpcio-1.59.2-cp38-cp38-musllinux_1_1_i686.whl", hash = "sha256:11168ef43e4a43ff1b1a65859f3e0ef1a173e277349e7fb16923ff108160a8cd"},
    {file = "grpcio-1.59.2-cp38-cp38-musllinux_1_1_x86_64.whl", hash = "sha256:53c9aa5ddd6857c0a1cd0287225a2a25873a8e09727c2e95c4aebb1be83a766a"},
    {file = "grpcio-1.59.2-cp38-cp38-win32.whl", hash = "sha256:3b4368b33908f683a363f376dfb747d40af3463a6e5044afee07cf9436addf96"},
    {file = "grpcio-1.59.2-cp38-cp38-win_amd64.whl", hash = "sha256:0a754aff9e3af63bdc4c75c234b86b9d14e14a28a30c4e324aed1a9b873d755f"},
    {file = "grpcio-1.59.2-cp39-cp39-linux_armv7l.whl", hash = "sha256:1f9524d1d701e399462d2c90ba7c193e49d1711cf429c0d3d97c966856e03d00"},
    {file = "grpcio-1.59.2-cp39-cp39-macosx_10_10_universal2.whl", hash = "sha256:f93dbf58f03146164048be5426ffde298b237a5e059144847e4940f5b80172c3"},
    {file = "grpcio-1.59.2-cp39-cp39-manylinux_2_17_aarch64.whl", hash = "sha256:6da6dea3a1bacf99b3c2187e296db9a83029ed9c38fd4c52b7c9b7326d13c828"},
    {file = "grpcio-1.59.2-cp39-cp39-manylinux_2_17_i686.manylinux2014_i686.whl", hash = "sha256:c5f09cffa619adfb44799fa4a81c2a1ad77c887187613fb0a8f201ab38d89ba1"},
    {file = "grpcio-1.59.2-cp39-cp39-manylinux_2_17_x86_64.manylinux2014_x86_64.whl", hash = "sha256:c35aa9657f5d5116d23b934568e0956bd50c615127810fffe3ac356a914c176a"},
    {file = "grpcio-1.59.2-cp39-cp39-musllinux_1_1_i686.whl", hash = "sha256:74100fecaec8a535e380cf5f2fb556ff84957d481c13e54051c52e5baac70541"},
    {file = "grpcio-1.59.2-cp39-cp39-musllinux_1_1_x86_64.whl", hash = "sha256:128e20f57c5f27cb0157e73756d1586b83c1b513ebecc83ea0ac37e4b0e4e758"},
    {file = "grpcio-1.59.2-cp39-cp39-win32.whl", hash = "sha256:686e975a5d16602dc0982c7c703948d17184bd1397e16c8ee03511ecb8c4cdda"},
    {file = "grpcio-1.59.2-cp39-cp39-win_amd64.whl", hash = "sha256:242adc47725b9a499ee77c6a2e36688fa6c96484611f33b1be4c57ab075a92dd"},
    {file = "grpcio-1.59.2.tar.gz", hash = "sha256:d8f9cd4ad1be90b0cf350a2f04a38a36e44a026cac1e036ac593dc48efe91d52"},
]

[package.extras]
protobuf = ["grpcio-tools (>=1.59.2)"]

[[package]]
name = "grpcio-tools"
version = "1.59.2"
description = "Protobuf code generator for gRPC"
optional = false
python-versions = ">=3.7"
files = [
    {file = "grpcio-tools-1.59.2.tar.gz", hash = "sha256:75905266cf90f1866b322575c2edcd4b36532c33fc512bb1b380dc58d84b1030"},
    {file = "grpcio_tools-1.59.2-cp310-cp310-linux_armv7l.whl", hash = "sha256:9b2885c0e2c9a97bde33497a919032afbd8b5c6dc2f8d4dd4198e77226e0de05"},
    {file = "grpcio_tools-1.59.2-cp310-cp310-macosx_12_0_universal2.whl", hash = "sha256:2f410375830a9bb7140a07da4d75bf380e0958377bed50d77d1dae302de4314e"},
    {file = "grpcio_tools-1.59.2-cp310-cp310-manylinux_2_17_aarch64.whl", hash = "sha256:e21fc172522d2dda815223a359b2aca9bc317a1b5e5dea5a58cd5079333af133"},
    {file = "grpcio_tools-1.59.2-cp310-cp310-manylinux_2_17_i686.manylinux2014_i686.whl", hash = "sha256:072a7ce979ea4f7579c3c99fcbde3d1882c3d1942a3b51d159f67af83b714cd8"},
    {file = "grpcio_tools-1.59.2-cp310-cp310-manylinux_2_17_x86_64.manylinux2014_x86_64.whl", hash = "sha256:b38f8edb2909702c2478b52f6213982c21e4f66f739ac953b91f97863ba2c06a"},
    {file = "grpcio_tools-1.59.2-cp310-cp310-musllinux_1_1_i686.whl", hash = "sha256:12fdee2de80d83eadb1294e0f8a0cb6cefcd2e4988ed680038ab09cd04361ee4"},
    {file = "grpcio_tools-1.59.2-cp310-cp310-musllinux_1_1_x86_64.whl", hash = "sha256:a3cb707da722a0b6c4021fc2cc1c005a8d4037d8ad0252f93df318b9b8a6b4f3"},
    {file = "grpcio_tools-1.59.2-cp310-cp310-win32.whl", hash = "sha256:ec2fbb02ebb9f2ae1b1c69cccf913dee8c41f5acad94014d3ce11b53720376e3"},
    {file = "grpcio_tools-1.59.2-cp310-cp310-win_amd64.whl", hash = "sha256:b0dc271a200dbab6547b2c73fcbdb7efe94c31cb633aa20d073f7cf4493493e1"},
    {file = "grpcio_tools-1.59.2-cp311-cp311-linux_armv7l.whl", hash = "sha256:d634b65cc8ee769edccf1647d8a16861a27e0d8cbd787c711168d2c5e9bddbd1"},
    {file = "grpcio_tools-1.59.2-cp311-cp311-macosx_10_10_universal2.whl", hash = "sha256:b0b712acec00a9cbc2204c271d638062a2cb8ce74f25d158b023ff6e93182659"},
    {file = "grpcio_tools-1.59.2-cp311-cp311-manylinux_2_17_aarch64.whl", hash = "sha256:dd5c78f8e7c6e721b9009c92481a0e3b30a9926ef721120723a03b8a34a34fb9"},
    {file = "grpcio_tools-1.59.2-cp311-cp311-manylinux_2_17_i686.manylinux2014_i686.whl", hash = "sha256:724f4f0eecc17fa66216eebfff145631070f04ed7fb4ddf7a7d1c4f954ecc2a1"},
    {file = "grpcio_tools-1.59.2-cp311-cp311-manylinux_2_17_x86_64.manylinux2014_x86_64.whl", hash = "sha256:77ec33ddee691e60511e2a7c793aad4cf172ae20e08d95c786cbba395f6203a7"},
    {file = "grpcio_tools-1.59.2-cp311-cp311-musllinux_1_1_i686.whl", hash = "sha256:fa1b9dee7811fad081816e884d063c4dd4946dba61aa54243b4c76c311090c48"},
    {file = "grpcio_tools-1.59.2-cp311-cp311-musllinux_1_1_x86_64.whl", hash = "sha256:ba8dba19e7b2b6f7369004533866f222ba483b9e14d2d152ecf9339c0df1283a"},
    {file = "grpcio_tools-1.59.2-cp311-cp311-win32.whl", hash = "sha256:df35d145bc2f6e5f57b74cb69f66526675a5f2dcf7d54617ce0deff0c82cca0a"},
    {file = "grpcio_tools-1.59.2-cp311-cp311-win_amd64.whl", hash = "sha256:99ddc0f5304071a355c261ae49ea5d29b9e9b6dcf422dfc55ada70a243e27e8f"},
    {file = "grpcio_tools-1.59.2-cp312-cp312-linux_armv7l.whl", hash = "sha256:670f5889853215999eb3511a623dd7dff01b1ce1a64610d13366e0fd337f8c79"},
    {file = "grpcio_tools-1.59.2-cp312-cp312-macosx_10_10_universal2.whl", hash = "sha256:1e949e66d4555ce319fd7acef90df625138078d8729c4dc6f6a9f05925034433"},
    {file = "grpcio_tools-1.59.2-cp312-cp312-manylinux_2_17_aarch64.whl", hash = "sha256:09d809ca88999b2578119683f9f0f6a9b42de95ea21550852114a1540b6a642c"},
    {file = "grpcio_tools-1.59.2-cp312-cp312-manylinux_2_17_i686.manylinux2014_i686.whl", hash = "sha256:db0925545180223fabd6da9b34513efac83aa16673ef8b1cb0cc678e8cf0923c"},
    {file = "grpcio_tools-1.59.2-cp312-cp312-manylinux_2_17_x86_64.manylinux2014_x86_64.whl", hash = "sha256:a2ccb59dfbf2ebd668a5a7c4b7bb2b859859641d2b199114b557cd045aac6102"},
    {file = "grpcio_tools-1.59.2-cp312-cp312-musllinux_1_1_i686.whl", hash = "sha256:12cc7698fad48866f68fdef831685cb31ef5814ac605d248c4e5fc964a6fb3f6"},
    {file = "grpcio_tools-1.59.2-cp312-cp312-musllinux_1_1_x86_64.whl", hash = "sha256:55c401599d5093c4cfa83b8f0ee9757b4d6d3029b10bd67be2cffeada7a44961"},
    {file = "grpcio_tools-1.59.2-cp312-cp312-win32.whl", hash = "sha256:896f5cdf58f658025a4f7e4ea96c81183b4b6a4b1b4d92ae66d112ac91f062f1"},
    {file = "grpcio_tools-1.59.2-cp312-cp312-win_amd64.whl", hash = "sha256:b53db1523015a3acda75722357df6c94afae37f6023800c608e09a5c05393804"},
    {file = "grpcio_tools-1.59.2-cp37-cp37m-linux_armv7l.whl", hash = "sha256:d08b398509ea4d544bcecddd9a21f59dc556396916c3915904cac206af2db72b"},
    {file = "grpcio_tools-1.59.2-cp37-cp37m-macosx_10_10_universal2.whl", hash = "sha256:09749e832e06493841000275248b031f7154665900d1e1b0e42fc17a64bf904d"},
    {file = "grpcio_tools-1.59.2-cp37-cp37m-manylinux_2_17_aarch64.whl", hash = "sha256:e972746000aa192521715f776fab617a3437bed29e90fe0e0fd0d0d6f498d7d4"},
    {file = "grpcio_tools-1.59.2-cp37-cp37m-manylinux_2_17_i686.manylinux2014_i686.whl", hash = "sha256:cbeeb3d8ec4cb25c92e17bfbdcef3c3669e85c5ee787a6e581cb942bc0ae2b88"},
    {file = "grpcio_tools-1.59.2-cp37-cp37m-manylinux_2_17_x86_64.manylinux2014_x86_64.whl", hash = "sha256:ed8e6632d8d839456332d97b96db10bd2dbf3078e728d063394ac2d54597ad80"},
    {file = "grpcio_tools-1.59.2-cp37-cp37m-musllinux_1_1_i686.whl", hash = "sha256:531f87c8e884c6a2e58f040039dfbfe997a4e33baa58f7c7d9993db37b1f5ad0"},
    {file = "grpcio_tools-1.59.2-cp37-cp37m-musllinux_1_1_x86_64.whl", hash = "sha256:feca316e17cfead823af6eae0fc20c0d5299a94d71cfb7531a0e92d050a5fb2f"},
    {file = "grpcio_tools-1.59.2-cp37-cp37m-win_amd64.whl", hash = "sha256:41b5dd6a06c2563ac3b3adda6d875b15e63eb7b1629e85fc9af608c3a76c4c82"},
    {file = "grpcio_tools-1.59.2-cp38-cp38-linux_armv7l.whl", hash = "sha256:7ec536cdae870a74080c665cfb1dca8d0784a931aa3c26376ef971a3a51b59d4"},
    {file = "grpcio_tools-1.59.2-cp38-cp38-macosx_10_10_universal2.whl", hash = "sha256:9c106ebbed0db446f59f0efe5c3fce33a0a21bf75b392966585e4b5934891b92"},
    {file = "grpcio_tools-1.59.2-cp38-cp38-manylinux_2_17_aarch64.whl", hash = "sha256:32141ef309543a446337e934f0b7a2565a6fca890ff4e543630a09ef72c8d00b"},
    {file = "grpcio_tools-1.59.2-cp38-cp38-manylinux_2_17_i686.manylinux2014_i686.whl", hash = "sha256:5f2ce5ecd63c492949b03af73b1dd6d502c567cc2f9c2057137e518b0c702a01"},
    {file = "grpcio_tools-1.59.2-cp38-cp38-manylinux_2_17_x86_64.manylinux2014_x86_64.whl", hash = "sha256:2a9ce2a209871ed1c5ae2229e6f4f5a3ea96d83b7871df5d9773d72a72545683"},
    {file = "grpcio_tools-1.59.2-cp38-cp38-musllinux_1_1_i686.whl", hash = "sha256:7f0e26af7c07bfa906c91ca9f5932514928a7f032f5f20aecad6b5541037de7e"},
    {file = "grpcio_tools-1.59.2-cp38-cp38-musllinux_1_1_x86_64.whl", hash = "sha256:48782727c5cff8b8c96e028a8a58614ff6a37eadc0db85866516210c7aafe9ae"},
    {file = "grpcio_tools-1.59.2-cp38-cp38-win32.whl", hash = "sha256:4a1810bc5de51cc162a19ed3c11da8ddc64d8cfcba049ef337c20fcb397f048b"},
    {file = "grpcio_tools-1.59.2-cp38-cp38-win_amd64.whl", hash = "sha256:3cf9949a2aadcece3c1e0dd59249aea53dbfc8cc94f7d707797acd67cf6cf931"},
    {file = "grpcio_tools-1.59.2-cp39-cp39-linux_armv7l.whl", hash = "sha256:f52e0ce8f2dcf1f160c847304016c446075a83ab925d98933d4681bfa8af2962"},
    {file = "grpcio_tools-1.59.2-cp39-cp39-macosx_10_10_universal2.whl", hash = "sha256:eb597d6bf9f5bfa54d00546e828f0d4e2c69250d1bc17c27903c0c7b66372135"},
    {file = "grpcio_tools-1.59.2-cp39-cp39-manylinux_2_17_aarch64.whl", hash = "sha256:17ef468836d7cf0b2419f4d5c7ac84ec2d598a1ae410773585313edacf7c393e"},
    {file = "grpcio_tools-1.59.2-cp39-cp39-manylinux_2_17_i686.manylinux2014_i686.whl", hash = "sha256:dee5f7e7a56177234e61a483c70ca2ae34e73128372c801bb7039993870889f1"},
    {file = "grpcio_tools-1.59.2-cp39-cp39-manylinux_2_17_x86_64.manylinux2014_x86_64.whl", hash = "sha256:f50ff312b88918c5a6461e45c5e03869749a066b1c24a7327e8e13e117efe4fc"},
    {file = "grpcio_tools-1.59.2-cp39-cp39-musllinux_1_1_i686.whl", hash = "sha256:a85da4200295ee17e3c1ae068189a43844420ed7e9d531a042440f52de486dfb"},
    {file = "grpcio_tools-1.59.2-cp39-cp39-musllinux_1_1_x86_64.whl", hash = "sha256:f518f22a3082de00f0d7a216e96366a87e6973111085ba1603c3bfa7dba2e728"},
    {file = "grpcio_tools-1.59.2-cp39-cp39-win32.whl", hash = "sha256:6e735a26e8ea8bb89dc69343d1d00ea607449c6d81e21f339ee118562f3d1931"},
    {file = "grpcio_tools-1.59.2-cp39-cp39-win_amd64.whl", hash = "sha256:3491cb69c909d586c23d7e6d0ac87844ca22f496f505ce429c0d3301234f2cf3"},
]

[package.dependencies]
grpcio = ">=1.59.2"
protobuf = ">=4.21.6,<5.0dev"
setuptools = "*"

[[package]]
name = "identify"
version = "2.5.17"
description = "File identification library for Python"
optional = false
python-versions = ">=3.7"
files = [
    {file = "identify-2.5.17-py2.py3-none-any.whl", hash = "sha256:7d526dd1283555aafcc91539acc061d8f6f59adb0a7bba462735b0a318bff7ed"},
    {file = "identify-2.5.17.tar.gz", hash = "sha256:93cc61a861052de9d4c541a7acb7e3dcc9c11b398a2144f6e52ae5285f5f4f06"},
]

[package.extras]
license = ["ukkonen"]

[[package]]
name = "isort"
version = "5.12.0"
description = "A Python utility / library to sort Python imports."
optional = false
python-versions = ">=3.8.0"
files = [
    {file = "isort-5.12.0-py3-none-any.whl", hash = "sha256:f84c2818376e66cf843d497486ea8fed8700b340f308f076c6fb1229dff318b6"},
    {file = "isort-5.12.0.tar.gz", hash = "sha256:8bef7dde241278824a6d83f44a544709b065191b95b6e50894bdc722fcba0504"},
]

[package.extras]
colors = ["colorama (>=0.4.3)"]
pipfile-deprecated-finder = ["pip-shims (>=0.5.2)", "pipreqs", "requirementslib"]
plugins = ["setuptools"]
requirements-deprecated-finder = ["pip-api", "pipreqs"]

[[package]]
name = "mypy"
version = "0.991"
description = "Optional static typing for Python"
optional = false
python-versions = ">=3.7"
files = [
    {file = "mypy-0.991-cp310-cp310-macosx_10_9_universal2.whl", hash = "sha256:7d17e0a9707d0772f4a7b878f04b4fd11f6f5bcb9b3813975a9b13c9332153ab"},
    {file = "mypy-0.991-cp310-cp310-macosx_10_9_x86_64.whl", hash = "sha256:0714258640194d75677e86c786e80ccf294972cc76885d3ebbb560f11db0003d"},
    {file = "mypy-0.991-cp310-cp310-macosx_11_0_arm64.whl", hash = "sha256:0c8f3be99e8a8bd403caa8c03be619544bc2c77a7093685dcf308c6b109426c6"},
    {file = "mypy-0.991-cp310-cp310-manylinux_2_17_x86_64.manylinux2014_x86_64.whl", hash = "sha256:bc9ec663ed6c8f15f4ae9d3c04c989b744436c16d26580eaa760ae9dd5d662eb"},
    {file = "mypy-0.991-cp310-cp310-musllinux_1_1_x86_64.whl", hash = "sha256:4307270436fd7694b41f913eb09210faff27ea4979ecbcd849e57d2da2f65305"},
    {file = "mypy-0.991-cp310-cp310-win_amd64.whl", hash = "sha256:901c2c269c616e6cb0998b33d4adbb4a6af0ac4ce5cd078afd7bc95830e62c1c"},
    {file = "mypy-0.991-cp311-cp311-macosx_10_9_universal2.whl", hash = "sha256:d13674f3fb73805ba0c45eb6c0c3053d218aa1f7abead6e446d474529aafc372"},
    {file = "mypy-0.991-cp311-cp311-macosx_10_9_x86_64.whl", hash = "sha256:1c8cd4fb70e8584ca1ed5805cbc7c017a3d1a29fb450621089ffed3e99d1857f"},
    {file = "mypy-0.991-cp311-cp311-macosx_11_0_arm64.whl", hash = "sha256:209ee89fbb0deed518605edddd234af80506aec932ad28d73c08f1400ef80a33"},
    {file = "mypy-0.991-cp311-cp311-manylinux_2_17_x86_64.manylinux2014_x86_64.whl", hash = "sha256:37bd02ebf9d10e05b00d71302d2c2e6ca333e6c2a8584a98c00e038db8121f05"},
    {file = "mypy-0.991-cp311-cp311-musllinux_1_1_x86_64.whl", hash = "sha256:26efb2fcc6b67e4d5a55561f39176821d2adf88f2745ddc72751b7890f3194ad"},
    {file = "mypy-0.991-cp311-cp311-win_amd64.whl", hash = "sha256:3a700330b567114b673cf8ee7388e949f843b356a73b5ab22dd7cff4742a5297"},
    {file = "mypy-0.991-cp37-cp37m-macosx_10_9_x86_64.whl", hash = "sha256:1f7d1a520373e2272b10796c3ff721ea1a0712288cafaa95931e66aa15798813"},
    {file = "mypy-0.991-cp37-cp37m-manylinux_2_17_x86_64.manylinux2014_x86_64.whl", hash = "sha256:641411733b127c3e0dab94c45af15fea99e4468f99ac88b39efb1ad677da5711"},
    {file = "mypy-0.991-cp37-cp37m-musllinux_1_1_x86_64.whl", hash = "sha256:3d80e36b7d7a9259b740be6d8d906221789b0d836201af4234093cae89ced0cd"},
    {file = "mypy-0.991-cp37-cp37m-win_amd64.whl", hash = "sha256:e62ebaad93be3ad1a828a11e90f0e76f15449371ffeecca4a0a0b9adc99abcef"},
    {file = "mypy-0.991-cp38-cp38-macosx_10_9_universal2.whl", hash = "sha256:b86ce2c1866a748c0f6faca5232059f881cda6dda2a893b9a8373353cfe3715a"},
    {file = "mypy-0.991-cp38-cp38-macosx_10_9_x86_64.whl", hash = "sha256:ac6e503823143464538efda0e8e356d871557ef60ccd38f8824a4257acc18d93"},
    {file = "mypy-0.991-cp38-cp38-macosx_11_0_arm64.whl", hash = "sha256:0cca5adf694af539aeaa6ac633a7afe9bbd760df9d31be55ab780b77ab5ae8bf"},
    {file = "mypy-0.991-cp38-cp38-manylinux_2_17_x86_64.manylinux2014_x86_64.whl", hash = "sha256:a12c56bf73cdab116df96e4ff39610b92a348cc99a1307e1da3c3768bbb5b135"},
    {file = "mypy-0.991-cp38-cp38-musllinux_1_1_x86_64.whl", hash = "sha256:652b651d42f155033a1967739788c436491b577b6a44e4c39fb340d0ee7f0d70"},
    {file = "mypy-0.991-cp38-cp38-win_amd64.whl", hash = "sha256:4175593dc25d9da12f7de8de873a33f9b2b8bdb4e827a7cae952e5b1a342e243"},
    {file = "mypy-0.991-cp39-cp39-macosx_10_9_universal2.whl", hash = "sha256:98e781cd35c0acf33eb0295e8b9c55cdbef64fcb35f6d3aa2186f289bed6e80d"},
    {file = "mypy-0.991-cp39-cp39-macosx_10_9_x86_64.whl", hash = "sha256:6d7464bac72a85cb3491c7e92b5b62f3dcccb8af26826257760a552a5e244aa5"},
    {file = "mypy-0.991-cp39-cp39-macosx_11_0_arm64.whl", hash = "sha256:c9166b3f81a10cdf9b49f2d594b21b31adadb3d5e9db9b834866c3258b695be3"},
    {file = "mypy-0.991-cp39-cp39-manylinux_2_17_x86_64.manylinux2014_x86_64.whl", hash = "sha256:b8472f736a5bfb159a5e36740847808f6f5b659960115ff29c7cecec1741c648"},
    {file = "mypy-0.991-cp39-cp39-musllinux_1_1_x86_64.whl", hash = "sha256:5e80e758243b97b618cdf22004beb09e8a2de1af481382e4d84bc52152d1c476"},
    {file = "mypy-0.991-cp39-cp39-win_amd64.whl", hash = "sha256:74e259b5c19f70d35fcc1ad3d56499065c601dfe94ff67ae48b85596b9ec1461"},
    {file = "mypy-0.991-py3-none-any.whl", hash = "sha256:de32edc9b0a7e67c2775e574cb061a537660e51210fbf6006b0b36ea695ae9bb"},
    {file = "mypy-0.991.tar.gz", hash = "sha256:3c0165ba8f354a6d9881809ef29f1a9318a236a6d81c690094c5df32107bde06"},
]

[package.dependencies]
mypy-extensions = ">=0.4.3"
tomli = {version = ">=1.1.0", markers = "python_version < \"3.11\""}
typing-extensions = ">=3.10"

[package.extras]
dmypy = ["psutil (>=4.0)"]
install-types = ["pip"]
python2 = ["typed-ast (>=1.4.0,<2)"]
reports = ["lxml"]

[[package]]
name = "mypy-extensions"
version = "0.4.3"
description = "Experimental type system extensions for programs checked with the mypy typechecker."
optional = false
python-versions = "*"
files = [
    {file = "mypy_extensions-0.4.3-py2.py3-none-any.whl", hash = "sha256:090fedd75945a69ae91ce1303b5824f428daf5a028d2f6ab8a299250a846f15d"},
    {file = "mypy_extensions-0.4.3.tar.gz", hash = "sha256:2d82818f5bb3e369420cb3c4060a7970edba416647068eb4c5343488a6c604a8"},
]

[[package]]
name = "mypy-protobuf"
version = "3.5.0"
description = "Generate mypy stub files from protobuf specs"
optional = false
python-versions = ">=3.8"
files = [
    {file = "mypy-protobuf-3.5.0.tar.gz", hash = "sha256:21f270da0a9792a9dac76b0df463c027e561664ab6973c59be4e4d064dfe67dc"},
    {file = "mypy_protobuf-3.5.0-py3-none-any.whl", hash = "sha256:0d0548c6b9a6faf14ce1a9ce2831c403a5c1f2a9363e85b1e2c51d5d57aa8393"},
]

[package.dependencies]
protobuf = ">=4.23.4"
types-protobuf = ">=4.23.0.2"

[[package]]
name = "nodeenv"
version = "1.7.0"
description = "Node.js virtual environment builder"
optional = false
python-versions = ">=2.7,!=3.0.*,!=3.1.*,!=3.2.*,!=3.3.*,!=3.4.*,!=3.5.*,!=3.6.*"
files = [
    {file = "nodeenv-1.7.0-py2.py3-none-any.whl", hash = "sha256:27083a7b96a25f2f5e1d8cb4b6317ee8aeda3bdd121394e5ac54e498028a042e"},
    {file = "nodeenv-1.7.0.tar.gz", hash = "sha256:e0e7f7dfb85fc5394c6fe1e8fa98131a2473e04311a45afb6508f7cf1836fa2b"},
]

[package.dependencies]
setuptools = "*"

[[package]]
name = "packaging"
version = "23.0"
description = "Core utilities for Python packages"
optional = false
python-versions = ">=3.7"
files = [
    {file = "packaging-23.0-py3-none-any.whl", hash = "sha256:714ac14496c3e68c99c29b00845f7a2b85f3bb6f1078fd9f72fd20f0570002b2"},
    {file = "packaging-23.0.tar.gz", hash = "sha256:b6ad297f8907de0fa2fe1ccbd26fdaf387f5f47c7275fedf8cce89f99446cf97"},
]

[[package]]
name = "pathspec"
version = "0.11.0"
description = "Utility library for gitignore style pattern matching of file paths."
optional = false
python-versions = ">=3.7"
files = [
    {file = "pathspec-0.11.0-py3-none-any.whl", hash = "sha256:3a66eb970cbac598f9e5ccb5b2cf58930cd8e3ed86d393d541eaf2d8b1705229"},
    {file = "pathspec-0.11.0.tar.gz", hash = "sha256:64d338d4e0914e91c1792321e6907b5a593f1ab1851de7fc269557a21b30ebbc"},
]

[[package]]
name = "platformdirs"
version = "2.6.2"
description = "A small Python package for determining appropriate platform-specific dirs, e.g. a \"user data dir\"."
optional = false
python-versions = ">=3.7"
files = [
    {file = "platformdirs-2.6.2-py3-none-any.whl", hash = "sha256:83c8f6d04389165de7c9b6f0c682439697887bca0aa2f1c87ef1826be3584490"},
    {file = "platformdirs-2.6.2.tar.gz", hash = "sha256:e1fea1fe471b9ff8332e229df3cb7de4f53eeea4998d3b6bfff542115e998bd2"},
]

[package.extras]
docs = ["furo (>=2022.12.7)", "proselint (>=0.13)", "sphinx (>=5.3)", "sphinx-autodoc-typehints (>=1.19.5)"]
test = ["appdirs (==1.4.4)", "covdefaults (>=2.2.2)", "pytest (>=7.2)", "pytest-cov (>=4)", "pytest-mock (>=3.10)"]

[[package]]
name = "pre-commit"
version = "3.5.0"
description = "A framework for managing and maintaining multi-language pre-commit hooks."
optional = false
python-versions = ">=3.8"
files = [
    {file = "pre_commit-3.5.0-py2.py3-none-any.whl", hash = "sha256:841dc9aef25daba9a0238cd27984041fa0467b4199fc4852e27950664919f660"},
    {file = "pre_commit-3.5.0.tar.gz", hash = "sha256:5804465c675b659b0862f07907f96295d490822a450c4c40e747d0b1c6ebcb32"},
]

[package.dependencies]
cfgv = ">=2.0.0"
identify = ">=1.0.0"
nodeenv = ">=0.11.1"
pyyaml = ">=5.1"
virtualenv = ">=20.10.0"

[[package]]
name = "protobuf"
version = "4.25.0"
description = ""
optional = false
python-versions = ">=3.8"
files = [
    {file = "protobuf-4.25.0-cp310-abi3-win32.whl", hash = "sha256:5c1203ac9f50e4853b0a0bfffd32c67118ef552a33942982eeab543f5c634395"},
    {file = "protobuf-4.25.0-cp310-abi3-win_amd64.whl", hash = "sha256:c40ff8f00aa737938c5378d461637d15c442a12275a81019cc2fef06d81c9419"},
    {file = "protobuf-4.25.0-cp37-abi3-macosx_10_9_universal2.whl", hash = "sha256:cf21faba64cd2c9a3ed92b7a67f226296b10159dbb8fbc5e854fc90657d908e4"},
    {file = "protobuf-4.25.0-cp37-abi3-manylinux2014_aarch64.whl", hash = "sha256:32ac2100b0e23412413d948c03060184d34a7c50b3e5d7524ee96ac2b10acf51"},
    {file = "protobuf-4.25.0-cp37-abi3-manylinux2014_x86_64.whl", hash = "sha256:683dc44c61f2620b32ce4927de2108f3ebe8ccf2fd716e1e684e5a50da154054"},
    {file = "protobuf-4.25.0-cp38-cp38-win32.whl", hash = "sha256:1a3ba712877e6d37013cdc3476040ea1e313a6c2e1580836a94f76b3c176d575"},
    {file = "protobuf-4.25.0-cp38-cp38-win_amd64.whl", hash = "sha256:b2cf8b5d381f9378afe84618288b239e75665fe58d0f3fd5db400959274296e9"},
    {file = "protobuf-4.25.0-cp39-cp39-win32.whl", hash = "sha256:63714e79b761a37048c9701a37438aa29945cd2417a97076048232c1df07b701"},
    {file = "protobuf-4.25.0-cp39-cp39-win_amd64.whl", hash = "sha256:d94a33db8b7ddbd0af7c467475fb9fde0c705fb315a8433c0e2020942b863a1f"},
    {file = "protobuf-4.25.0-py3-none-any.whl", hash = "sha256:1a53d6f64b00eecf53b65ff4a8c23dc95df1fa1e97bb06b8122e5a64f49fc90a"},
    {file = "protobuf-4.25.0.tar.gz", hash = "sha256:68f7caf0d4f012fd194a301420cf6aa258366144d814f358c5b32558228afa7c"},
]

[[package]]
name = "pyyaml"
version = "6.0"
description = "YAML parser and emitter for Python"
optional = false
python-versions = ">=3.6"
files = [
    {file = "PyYAML-6.0-cp310-cp310-macosx_10_9_x86_64.whl", hash = "sha256:d4db7c7aef085872ef65a8fd7d6d09a14ae91f691dec3e87ee5ee0539d516f53"},
    {file = "PyYAML-6.0-cp310-cp310-macosx_11_0_arm64.whl", hash = "sha256:9df7ed3b3d2e0ecfe09e14741b857df43adb5a3ddadc919a2d94fbdf78fea53c"},
    {file = "PyYAML-6.0-cp310-cp310-manylinux_2_17_aarch64.manylinux2014_aarch64.whl", hash = "sha256:77f396e6ef4c73fdc33a9157446466f1cff553d979bd00ecb64385760c6babdc"},
    {file = "PyYAML-6.0-cp310-cp310-manylinux_2_17_s390x.manylinux2014_s390x.whl", hash = "sha256:a80a78046a72361de73f8f395f1f1e49f956c6be882eed58505a15f3e430962b"},
    {file = "PyYAML-6.0-cp310-cp310-manylinux_2_5_x86_64.manylinux1_x86_64.manylinux_2_12_x86_64.manylinux2010_x86_64.whl", hash = "sha256:f84fbc98b019fef2ee9a1cb3ce93e3187a6df0b2538a651bfb890254ba9f90b5"},
    {file = "PyYAML-6.0-cp310-cp310-win32.whl", hash = "sha256:2cd5df3de48857ed0544b34e2d40e9fac445930039f3cfe4bcc592a1f836d513"},
    {file = "PyYAML-6.0-cp310-cp310-win_amd64.whl", hash = "sha256:daf496c58a8c52083df09b80c860005194014c3698698d1a57cbcfa182142a3a"},
    {file = "PyYAML-6.0-cp311-cp311-macosx_10_9_x86_64.whl", hash = "sha256:d4b0ba9512519522b118090257be113b9468d804b19d63c71dbcf4a48fa32358"},
    {file = "PyYAML-6.0-cp311-cp311-macosx_11_0_arm64.whl", hash = "sha256:81957921f441d50af23654aa6c5e5eaf9b06aba7f0a19c18a538dc7ef291c5a1"},
    {file = "PyYAML-6.0-cp311-cp311-manylinux_2_17_aarch64.manylinux2014_aarch64.whl", hash = "sha256:afa17f5bc4d1b10afd4466fd3a44dc0e245382deca5b3c353d8b757f9e3ecb8d"},
    {file = "PyYAML-6.0-cp311-cp311-manylinux_2_17_s390x.manylinux2014_s390x.whl", hash = "sha256:dbad0e9d368bb989f4515da330b88a057617d16b6a8245084f1b05400f24609f"},
    {file = "PyYAML-6.0-cp311-cp311-manylinux_2_17_x86_64.manylinux2014_x86_64.whl", hash = "sha256:432557aa2c09802be39460360ddffd48156e30721f5e8d917f01d31694216782"},
    {file = "PyYAML-6.0-cp311-cp311-win32.whl", hash = "sha256:bfaef573a63ba8923503d27530362590ff4f576c626d86a9fed95822a8255fd7"},
    {file = "PyYAML-6.0-cp311-cp311-win_amd64.whl", hash = "sha256:01b45c0191e6d66c470b6cf1b9531a771a83c1c4208272ead47a3ae4f2f603bf"},
    {file = "PyYAML-6.0-cp36-cp36m-macosx_10_9_x86_64.whl", hash = "sha256:897b80890765f037df3403d22bab41627ca8811ae55e9a722fd0392850ec4d86"},
    {file = "PyYAML-6.0-cp36-cp36m-manylinux_2_17_aarch64.manylinux2014_aarch64.whl", hash = "sha256:50602afada6d6cbfad699b0c7bb50d5ccffa7e46a3d738092afddc1f9758427f"},
    {file = "PyYAML-6.0-cp36-cp36m-manylinux_2_17_s390x.manylinux2014_s390x.whl", hash = "sha256:48c346915c114f5fdb3ead70312bd042a953a8ce5c7106d5bfb1a5254e47da92"},
    {file = "PyYAML-6.0-cp36-cp36m-manylinux_2_5_x86_64.manylinux1_x86_64.manylinux_2_12_x86_64.manylinux2010_x86_64.whl", hash = "sha256:98c4d36e99714e55cfbaaee6dd5badbc9a1ec339ebfc3b1f52e293aee6bb71a4"},
    {file = "PyYAML-6.0-cp36-cp36m-win32.whl", hash = "sha256:0283c35a6a9fbf047493e3a0ce8d79ef5030852c51e9d911a27badfde0605293"},
    {file = "PyYAML-6.0-cp36-cp36m-win_amd64.whl", hash = "sha256:07751360502caac1c067a8132d150cf3d61339af5691fe9e87803040dbc5db57"},
    {file = "PyYAML-6.0-cp37-cp37m-macosx_10_9_x86_64.whl", hash = "sha256:819b3830a1543db06c4d4b865e70ded25be52a2e0631ccd2f6a47a2822f2fd7c"},
    {file = "PyYAML-6.0-cp37-cp37m-manylinux_2_17_aarch64.manylinux2014_aarch64.whl", hash = "sha256:473f9edb243cb1935ab5a084eb238d842fb8f404ed2193a915d1784b5a6b5fc0"},
    {file = "PyYAML-6.0-cp37-cp37m-manylinux_2_17_s390x.manylinux2014_s390x.whl", hash = "sha256:0ce82d761c532fe4ec3f87fc45688bdd3a4c1dc5e0b4a19814b9009a29baefd4"},
    {file = "PyYAML-6.0-cp37-cp37m-manylinux_2_5_x86_64.manylinux1_x86_64.manylinux_2_12_x86_64.manylinux2010_x86_64.whl", hash = "sha256:231710d57adfd809ef5d34183b8ed1eeae3f76459c18fb4a0b373ad56bedcdd9"},
    {file = "PyYAML-6.0-cp37-cp37m-win32.whl", hash = "sha256:c5687b8d43cf58545ade1fe3e055f70eac7a5a1a0bf42824308d868289a95737"},
    {file = "PyYAML-6.0-cp37-cp37m-win_amd64.whl", hash = "sha256:d15a181d1ecd0d4270dc32edb46f7cb7733c7c508857278d3d378d14d606db2d"},
    {file = "PyYAML-6.0-cp38-cp38-macosx_10_9_x86_64.whl", hash = "sha256:0b4624f379dab24d3725ffde76559cff63d9ec94e1736b556dacdfebe5ab6d4b"},
    {file = "PyYAML-6.0-cp38-cp38-manylinux_2_17_aarch64.manylinux2014_aarch64.whl", hash = "sha256:213c60cd50106436cc818accf5baa1aba61c0189ff610f64f4a3e8c6726218ba"},
    {file = "PyYAML-6.0-cp38-cp38-manylinux_2_17_s390x.manylinux2014_s390x.whl", hash = "sha256:9fa600030013c4de8165339db93d182b9431076eb98eb40ee068700c9c813e34"},
    {file = "PyYAML-6.0-cp38-cp38-manylinux_2_5_x86_64.manylinux1_x86_64.manylinux_2_12_x86_64.manylinux2010_x86_64.whl", hash = "sha256:277a0ef2981ca40581a47093e9e2d13b3f1fbbeffae064c1d21bfceba2030287"},
    {file = "PyYAML-6.0-cp38-cp38-win32.whl", hash = "sha256:d4eccecf9adf6fbcc6861a38015c2a64f38b9d94838ac1810a9023a0609e1b78"},
    {file = "PyYAML-6.0-cp38-cp38-win_amd64.whl", hash = "sha256:1e4747bc279b4f613a09eb64bba2ba602d8a6664c6ce6396a4d0cd413a50ce07"},
    {file = "PyYAML-6.0-cp39-cp39-macosx_10_9_x86_64.whl", hash = "sha256:055d937d65826939cb044fc8c9b08889e8c743fdc6a32b33e2390f66013e449b"},
    {file = "PyYAML-6.0-cp39-cp39-macosx_11_0_arm64.whl", hash = "sha256:e61ceaab6f49fb8bdfaa0f92c4b57bcfbea54c09277b1b4f7ac376bfb7a7c174"},
    {file = "PyYAML-6.0-cp39-cp39-manylinux_2_17_aarch64.manylinux2014_aarch64.whl", hash = "sha256:d67d839ede4ed1b28a4e8909735fc992a923cdb84e618544973d7dfc71540803"},
    {file = "PyYAML-6.0-cp39-cp39-manylinux_2_17_s390x.manylinux2014_s390x.whl", hash = "sha256:cba8c411ef271aa037d7357a2bc8f9ee8b58b9965831d9e51baf703280dc73d3"},
    {file = "PyYAML-6.0-cp39-cp39-manylinux_2_5_x86_64.manylinux1_x86_64.manylinux_2_12_x86_64.manylinux2010_x86_64.whl", hash = "sha256:40527857252b61eacd1d9af500c3337ba8deb8fc298940291486c465c8b46ec0"},
    {file = "PyYAML-6.0-cp39-cp39-win32.whl", hash = "sha256:b5b9eccad747aabaaffbc6064800670f0c297e52c12754eb1d976c57e4f74dcb"},
    {file = "PyYAML-6.0-cp39-cp39-win_amd64.whl", hash = "sha256:b3d267842bf12586ba6c734f89d1f5b871df0273157918b0ccefa29deb05c21c"},
    {file = "PyYAML-6.0.tar.gz", hash = "sha256:68fb519c14306fec9720a2a5b45bc9f0c8d1b9c72adf45c37baedfcd949c35a2"},
]

[[package]]
name = "setuptools"
version = "67.0.0"
description = "Easily download, build, install, upgrade, and uninstall Python packages"
optional = false
python-versions = ">=3.7"
files = [
    {file = "setuptools-67.0.0-py3-none-any.whl", hash = "sha256:9d790961ba6219e9ff7d9557622d2fe136816a264dd01d5997cfc057d804853d"},
    {file = "setuptools-67.0.0.tar.gz", hash = "sha256:883131c5b6efa70b9101c7ef30b2b7b780a4283d5fc1616383cdf22c83cbefe6"},
]

[package.extras]
docs = ["furo", "jaraco.packaging (>=9)", "jaraco.tidelift (>=1.4)", "pygments-github-lexers (==0.0.5)", "rst.linker (>=1.9)", "sphinx (>=3.5)", "sphinx-favicon", "sphinx-hoverxref (<2)", "sphinx-inline-tabs", "sphinx-lint", "sphinx-notfound-page (==0.8.3)", "sphinx-reredirects", "sphinxcontrib-towncrier"]
testing = ["build[virtualenv]", "filelock (>=3.4.0)", "flake8 (<5)", "flake8-2020", "ini2toml[lite] (>=0.9)", "jaraco.envs (>=2.2)", "jaraco.path (>=3.2.0)", "pip (>=19.1)", "pip-run (>=8.8)", "pytest (>=6)", "pytest-black (>=0.3.7)", "pytest-checkdocs (>=2.4)", "pytest-cov", "pytest-enabler (>=1.3)", "pytest-flake8", "pytest-mypy (>=0.9.1)", "pytest-perf", "pytest-timeout", "pytest-xdist", "tomli-w (>=1.0.0)", "virtualenv (>=13.0.0)", "wheel"]
testing-integration = ["build[virtualenv]", "filelock (>=3.4.0)", "jaraco.envs (>=2.2)", "jaraco.path (>=3.2.0)", "pytest", "pytest-enabler", "pytest-xdist", "tomli", "virtualenv (>=13.0.0)", "wheel"]

[[package]]
name = "tomli"
version = "2.0.1"
description = "A lil' TOML parser"
optional = false
python-versions = ">=3.7"
files = [
    {file = "tomli-2.0.1-py3-none-any.whl", hash = "sha256:939de3e7a6161af0c887ef91b7d41a53e7c5a1ca976325f429cb46ea9bc30ecc"},
    {file = "tomli-2.0.1.tar.gz", hash = "sha256:de526c12914f0c550d15924c62d72abc48d6fe7364aa87328337a31007fe8a4f"},
]

[[package]]
name = "types-protobuf"
version = "4.23.0.2"
description = "Typing stubs for protobuf"
optional = false
python-versions = "*"
files = [
    {file = "types-protobuf-4.23.0.2.tar.gz", hash = "sha256:1066b069d4f0e09bdebb64ca4f35cc6b8accf52f808368046ccec96744af0375"},
    {file = "types_protobuf-4.23.0.2-py3-none-any.whl", hash = "sha256:ee1a1ac8c099870075ef4457c01f3d56e189d8af1c13c3aa9f8dc207ca35337c"},
]

[[package]]
name = "typing-extensions"
version = "4.4.0"
description = "Backported and Experimental Type Hints for Python 3.7+"
optional = false
python-versions = ">=3.7"
files = [
    {file = "typing_extensions-4.4.0-py3-none-any.whl", hash = "sha256:16fa4864408f655d35ec496218b85f79b3437c829e93320c7c9215ccfd92489e"},
    {file = "typing_extensions-4.4.0.tar.gz", hash = "sha256:1511434bb92bf8dd198c12b1cc812e800d4181cfcb867674e0f8279cc93087aa"},
]

[[package]]
name = "virtualenv"
version = "20.17.1"
description = "Virtual Python Environment builder"
optional = false
python-versions = ">=3.6"
files = [
    {file = "virtualenv-20.17.1-py3-none-any.whl", hash = "sha256:ce3b1684d6e1a20a3e5ed36795a97dfc6af29bc3970ca8dab93e11ac6094b3c4"},
    {file = "virtualenv-20.17.1.tar.gz", hash = "sha256:f8b927684efc6f1cc206c9db297a570ab9ad0e51c16fa9e45487d36d1905c058"},
]

[package.dependencies]
distlib = ">=0.3.6,<1"
filelock = ">=3.4.1,<4"
platformdirs = ">=2.4,<3"

[package.extras]
docs = ["proselint (>=0.13)", "sphinx (>=5.3)", "sphinx-argparse (>=0.3.2)", "sphinx-rtd-theme (>=1)", "towncrier (>=22.8)"]
testing = ["coverage (>=6.2)", "coverage-enable-subprocess (>=1)", "flaky (>=3.7)", "packaging (>=21.3)", "pytest (>=7.0.1)", "pytest-env (>=0.6.2)", "pytest-freezegun (>=0.4.2)", "pytest-mock (>=3.6.1)", "pytest-randomly (>=3.10.3)", "pytest-timeout (>=2.1)"]

[metadata]
lock-version = "2.0"
python-versions = "^3.9"
content-hash = "a66239375e1379a1708b588b935aa20781faed645e091b2a3b68f476e1ce42f8"
