version = 1
requires-python = ">=3.9, <3.14"

[[package]]
name = "ghome-foyer-api"
version = "1.0.1.dev119+gceb5039.d20241104"
source = { editable = "." }
dependencies = [
    { name = "grpcio" },
    { name = "protobuf" },
]

[package.dev-dependencies]
dev = [
    { name = "grpc-stubs" },
    { name = "grpcio-tools" },
    { name = "mypy" },
    { name = "mypy-protobuf" },
    { name = "ruff" },
]

[package.metadata]
requires-dist = [
    { name = "grpcio", specifier = ">=1.66.2,<2" },
    { name = "protobuf", specifier = ">=5.28.3,<6" },
]

[package.metadata.requires-dev]
dev = [
    { name = "grpc-stubs", specifier = ">=1.53.0.5" },
    { name = "grpcio-tools", specifier = "==1.66.2" },
    { name = "mypy", specifier = ">=1.13.0" },
    { name = "mypy-protobuf", specifier = ">=3.6.0" },
    { name = "ruff", specifier = ">=0.7.2" },
]

[[package]]
name = "grpc-stubs"
version = "1.53.0.5"
source = { registry = "https://pypi.org/simple" }
dependencies = [
    { name = "grpcio" },
]
sdist = { url = "https://files.pythonhosted.org/packages/55/8d/14c6b8c2fa5d82ffe96aed53b1c38e2a9fb6a57c5836966545f3080e5adc/grpc-stubs-1.53.0.5.tar.gz", hash = "sha256:3e1b642775cbc3e0c6332cfcedfccb022176db87e518757bef3a1241397be406", size = 14259 }
wheels = [
    { url = "https://files.pythonhosted.org/packages/e0/86/147d2ccaf9b4b81407734b9abc1152aff39836e8e05be3bf069f9374c021/grpc_stubs-1.53.0.5-py3-none-any.whl", hash = "sha256:04183fb65a1b166a1febb9627e3d9647d3926ccc2dfe049fe7b6af243428dbe1", size = 16497 },
]

[[package]]
name = "grpcio"
version = "1.67.1"
source = { registry = "https://pypi.org/simple" }
sdist = { url = "https://files.pythonhosted.org/packages/20/53/d9282a66a5db45981499190b77790570617a604a38f3d103d0400974aeb5/grpcio-1.67.1.tar.gz", hash = "sha256:3dc2ed4cabea4dc14d5e708c2b426205956077cc5de419b4d4079315017e9732", size = 12580022 }
wheels = [
    { url = "https://files.pythonhosted.org/packages/4e/cd/f6ca5c49aa0ae7bc6d0757f7dae6f789569e9490a635eaabe02bc02de7dc/grpcio-1.67.1-cp310-cp310-linux_armv7l.whl", hash = "sha256:8b0341d66a57f8a3119b77ab32207072be60c9bf79760fa609c5609f2deb1f3f", size = 5112450 },
    { url = "https://files.pythonhosted.org/packages/d4/f0/d9bbb4a83cbee22f738ee7a74aa41e09ccfb2dcea2cc30ebe8dab5b21771/grpcio-1.67.1-cp310-cp310-macosx_12_0_universal2.whl", hash = "sha256:f5a27dddefe0e2357d3e617b9079b4bfdc91341a91565111a21ed6ebbc51b22d", size = 10937518 },
    { url = "https://files.pythonhosted.org/packages/5b/17/0c5dbae3af548eb76669887642b5f24b232b021afe77eb42e22bc8951d9c/grpcio-1.67.1-cp310-cp310-manylinux_2_17_aarch64.whl", hash = "sha256:43112046864317498a33bdc4797ae6a268c36345a910de9b9c17159d8346602f", size = 5633610 },
    { url = "https://files.pythonhosted.org/packages/17/48/e000614e00153d7b2760dcd9526b95d72f5cfe473b988e78f0ff3b472f6c/grpcio-1.67.1-cp310-cp310-manylinux_2_17_i686.manylinux2014_i686.whl", hash = "sha256:c9b929f13677b10f63124c1a410994a401cdd85214ad83ab67cc077fc7e480f0", size = 6240678 },
    { url = "https://files.pythonhosted.org/packages/64/19/a16762a70eeb8ddfe43283ce434d1499c1c409ceec0c646f783883084478/grpcio-1.67.1-cp310-cp310-manylinux_2_17_x86_64.manylinux2014_x86_64.whl", hash = "sha256:e7d1797a8a3845437d327145959a2c0c47c05947c9eef5ff1a4c80e499dcc6fa", size = 5884528 },
    { url = "https://files.pythonhosted.org/packages/6b/dc/bd016aa3684914acd2c0c7fa4953b2a11583c2b844f3d7bae91fa9b98fbb/grpcio-1.67.1-cp310-cp310-musllinux_1_1_i686.whl", hash = "sha256:0489063974d1452436139501bf6b180f63d4977223ee87488fe36858c5725292", size = 6583680 },
    { url = "https://files.pythonhosted.org/packages/1a/93/1441cb14c874f11aa798a816d582f9da82194b6677f0f134ea53d2d5dbeb/grpcio-1.67.1-cp310-cp310-musllinux_1_1_x86_64.whl", hash = "sha256:9fd042de4a82e3e7aca44008ee2fb5da01b3e5adb316348c21980f7f58adc311", size = 6162967 },
    { url = "https://files.pythonhosted.org/packages/29/e9/9295090380fb4339b7e935b9d005fa9936dd573a22d147c9e5bb2df1b8d4/grpcio-1.67.1-cp310-cp310-win32.whl", hash = "sha256:638354e698fd0c6c76b04540a850bf1db27b4d2515a19fcd5cf645c48d3eb1ed", size = 3616336 },
    { url = "https://files.pythonhosted.org/packages/ce/de/7c783b8cb8f02c667ca075c49680c4aeb8b054bc69784bcb3e7c1bbf4985/grpcio-1.67.1-cp310-cp310-win_amd64.whl", hash = "sha256:608d87d1bdabf9e2868b12338cd38a79969eaf920c89d698ead08f48de9c0f9e", size = 4352071 },
    { url = "https://files.pythonhosted.org/packages/59/2c/b60d6ea1f63a20a8d09c6db95c4f9a16497913fb3048ce0990ed81aeeca0/grpcio-1.67.1-cp311-cp311-linux_armv7l.whl", hash = "sha256:7818c0454027ae3384235a65210bbf5464bd715450e30a3d40385453a85a70cb", size = 5119075 },
    { url = "https://files.pythonhosted.org/packages/b3/9a/e1956f7ca582a22dd1f17b9e26fcb8229051b0ce6d33b47227824772feec/grpcio-1.67.1-cp311-cp311-macosx_10_9_universal2.whl", hash = "sha256:ea33986b70f83844cd00814cee4451055cd8cab36f00ac64a31f5bb09b31919e", size = 11009159 },
    { url = "https://files.pythonhosted.org/packages/43/a8/35fbbba580c4adb1d40d12e244cf9f7c74a379073c0a0ca9d1b5338675a1/grpcio-1.67.1-cp311-cp311-manylinux_2_17_aarch64.whl", hash = "sha256:c7a01337407dd89005527623a4a72c5c8e2894d22bead0895306b23c6695698f", size = 5629476 },
    { url = "https://files.pythonhosted.org/packages/77/c9/864d336e167263d14dfccb4dbfa7fce634d45775609895287189a03f1fc3/grpcio-1.67.1-cp311-cp311-manylinux_2_17_i686.manylinux2014_i686.whl", hash = "sha256:80b866f73224b0634f4312a4674c1be21b2b4afa73cb20953cbbb73a6b36c3cc", size = 6239901 },
    { url = "https://files.pythonhosted.org/packages/f7/1e/0011408ebabf9bd69f4f87cc1515cbfe2094e5a32316f8714a75fd8ddfcb/grpcio-1.67.1-cp311-cp311-manylinux_2_17_x86_64.manylinux2014_x86_64.whl", hash = "sha256:f9fff78ba10d4250bfc07a01bd6254a6d87dc67f9627adece85c0b2ed754fa96", size = 5881010 },
    { url = "https://files.pythonhosted.org/packages/b4/7d/fbca85ee9123fb296d4eff8df566f458d738186d0067dec6f0aa2fd79d71/grpcio-1.67.1-cp311-cp311-musllinux_1_1_i686.whl", hash = "sha256:8a23cbcc5bb11ea7dc6163078be36c065db68d915c24f5faa4f872c573bb400f", size = 6580706 },
    { url = "https://files.pythonhosted.org/packages/75/7a/766149dcfa2dfa81835bf7df623944c1f636a15fcb9b6138ebe29baf0bc6/grpcio-1.67.1-cp311-cp311-musllinux_1_1_x86_64.whl", hash = "sha256:1a65b503d008f066e994f34f456e0647e5ceb34cfcec5ad180b1b44020ad4970", size = 6161799 },
    { url = "https://files.pythonhosted.org/packages/09/13/5b75ae88810aaea19e846f5380611837de411181df51fd7a7d10cb178dcb/grpcio-1.67.1-cp311-cp311-win32.whl", hash = "sha256:e29ca27bec8e163dca0c98084040edec3bc49afd10f18b412f483cc68c712744", size = 3616330 },
    { url = "https://files.pythonhosted.org/packages/aa/39/38117259613f68f072778c9638a61579c0cfa5678c2558706b10dd1d11d3/grpcio-1.67.1-cp311-cp311-win_amd64.whl", hash = "sha256:786a5b18544622bfb1e25cc08402bd44ea83edfb04b93798d85dca4d1a0b5be5", size = 4354535 },
    { url = "https://files.pythonhosted.org/packages/6e/25/6f95bd18d5f506364379eabc0d5874873cc7dbdaf0757df8d1e82bc07a88/grpcio-1.67.1-cp312-cp312-linux_armv7l.whl", hash = "sha256:267d1745894200e4c604958da5f856da6293f063327cb049a51fe67348e4f953", size = 5089809 },
    { url = "https://files.pythonhosted.org/packages/10/3f/d79e32e5d0354be33a12db2267c66d3cfeff700dd5ccdd09fd44a3ff4fb6/grpcio-1.67.1-cp312-cp312-macosx_10_9_universal2.whl", hash = "sha256:85f69fdc1d28ce7cff8de3f9c67db2b0ca9ba4449644488c1e0303c146135ddb", size = 10981985 },
    { url = "https://files.pythonhosted.org/packages/21/f2/36fbc14b3542e3a1c20fb98bd60c4732c55a44e374a4eb68f91f28f14aab/grpcio-1.67.1-cp312-cp312-manylinux_2_17_aarch64.whl", hash = "sha256:f26b0b547eb8d00e195274cdfc63ce64c8fc2d3e2d00b12bf468ece41a0423a0", size = 5588770 },
    { url = "https://files.pythonhosted.org/packages/0d/af/bbc1305df60c4e65de8c12820a942b5e37f9cf684ef5e49a63fbb1476a73/grpcio-1.67.1-cp312-cp312-manylinux_2_17_i686.manylinux2014_i686.whl", hash = "sha256:4422581cdc628f77302270ff839a44f4c24fdc57887dc2a45b7e53d8fc2376af", size = 6214476 },
    { url = "https://files.pythonhosted.org/packages/92/cf/1d4c3e93efa93223e06a5c83ac27e32935f998bc368e276ef858b8883154/grpcio-1.67.1-cp312-cp312-manylinux_2_17_x86_64.manylinux2014_x86_64.whl", hash = "sha256:1d7616d2ded471231c701489190379e0c311ee0a6c756f3c03e6a62b95a7146e", size = 5850129 },
    { url = "https://files.pythonhosted.org/packages/ae/ca/26195b66cb253ac4d5ef59846e354d335c9581dba891624011da0e95d67b/grpcio-1.67.1-cp312-cp312-musllinux_1_1_i686.whl", hash = "sha256:8a00efecde9d6fcc3ab00c13f816313c040a28450e5e25739c24f432fc6d3c75", size = 6568489 },
    { url = "https://files.pythonhosted.org/packages/d1/94/16550ad6b3f13b96f0856ee5dfc2554efac28539ee84a51d7b14526da985/grpcio-1.67.1-cp312-cp312-musllinux_1_1_x86_64.whl", hash = "sha256:699e964923b70f3101393710793289e42845791ea07565654ada0969522d0a38", size = 6149369 },
    { url = "https://files.pythonhosted.org/packages/33/0d/4c3b2587e8ad7f121b597329e6c2620374fccbc2e4e1aa3c73ccc670fde4/grpcio-1.67.1-cp312-cp312-win32.whl", hash = "sha256:4e7b904484a634a0fff132958dabdb10d63e0927398273917da3ee103e8d1f78", size = 3599176 },
    { url = "https://files.pythonhosted.org/packages/7d/36/0c03e2d80db69e2472cf81c6123aa7d14741de7cf790117291a703ae6ae1/grpcio-1.67.1-cp312-cp312-win_amd64.whl", hash = "sha256:5721e66a594a6c4204458004852719b38f3d5522082be9061d6510b455c90afc", size = 4346574 },
    { url = "https://files.pythonhosted.org/packages/12/d2/2f032b7a153c7723ea3dea08bffa4bcaca9e0e5bdf643ce565b76da87461/grpcio-1.67.1-cp313-cp313-linux_armv7l.whl", hash = "sha256:aa0162e56fd10a5547fac8774c4899fc3e18c1aa4a4759d0ce2cd00d3696ea6b", size = 5091487 },
    { url = "https://files.pythonhosted.org/packages/d0/ae/ea2ff6bd2475a082eb97db1104a903cf5fc57c88c87c10b3c3f41a184fc0/grpcio-1.67.1-cp313-cp313-macosx_10_13_universal2.whl", hash = "sha256:beee96c8c0b1a75d556fe57b92b58b4347c77a65781ee2ac749d550f2a365dc1", size = 10943530 },
    { url = "https://files.pythonhosted.org/packages/07/62/646be83d1a78edf8d69b56647327c9afc223e3140a744c59b25fbb279c3b/grpcio-1.67.1-cp313-cp313-manylinux_2_17_aarch64.whl", hash = "sha256:a93deda571a1bf94ec1f6fcda2872dad3ae538700d94dc283c672a3b508ba3af", size = 5589079 },
    { url = "https://files.pythonhosted.org/packages/d0/25/71513d0a1b2072ce80d7f5909a93596b7ed10348b2ea4fdcbad23f6017bf/grpcio-1.67.1-cp313-cp313-manylinux_2_17_i686.manylinux2014_i686.whl", hash = "sha256:0e6f255980afef598a9e64a24efce87b625e3e3c80a45162d111a461a9f92955", size = 6213542 },
    { url = "https://files.pythonhosted.org/packages/76/9a/d21236297111052dcb5dc85cd77dc7bf25ba67a0f55ae028b2af19a704bc/grpcio-1.67.1-cp313-cp313-manylinux_2_17_x86_64.manylinux2014_x86_64.whl", hash = "sha256:9e838cad2176ebd5d4a8bb03955138d6589ce9e2ce5d51c3ada34396dbd2dba8", size = 5850211 },
    { url = "https://files.pythonhosted.org/packages/2d/fe/70b1da9037f5055be14f359026c238821b9bcf6ca38a8d760f59a589aacd/grpcio-1.67.1-cp313-cp313-musllinux_1_1_i686.whl", hash = "sha256:a6703916c43b1d468d0756c8077b12017a9fcb6a1ef13faf49e67d20d7ebda62", size = 6572129 },
    { url = "https://files.pythonhosted.org/packages/74/0d/7df509a2cd2a54814598caf2fb759f3e0b93764431ff410f2175a6efb9e4/grpcio-1.67.1-cp313-cp313-musllinux_1_1_x86_64.whl", hash = "sha256:917e8d8994eed1d86b907ba2a61b9f0aef27a2155bca6cbb322430fc7135b7bb", size = 6149819 },
    { url = "https://files.pythonhosted.org/packages/0a/08/bc3b0155600898fd10f16b79054e1cca6cb644fa3c250c0fe59385df5e6f/grpcio-1.67.1-cp313-cp313-win32.whl", hash = "sha256:e279330bef1744040db8fc432becc8a727b84f456ab62b744d3fdb83f327e121", size = 3596561 },
    { url = "https://files.pythonhosted.org/packages/5a/96/44759eca966720d0f3e1b105c43f8ad4590c97bf8eb3cd489656e9590baa/grpcio-1.67.1-cp313-cp313-win_amd64.whl", hash = "sha256:fa0c739ad8b1996bd24823950e3cb5152ae91fca1c09cc791190bf1627ffefba", size = 4346042 },
    { url = "https://files.pythonhosted.org/packages/a3/1d/9fa4dc94a3cebe5ef9f6ba5bb9893947665885d4f565d216359a4699c54c/grpcio-1.67.1-cp39-cp39-linux_armv7l.whl", hash = "sha256:a25bdea92b13ff4d7790962190bf6bf5c4639876e01c0f3dda70fc2769616335", size = 5112899 },
    { url = "https://files.pythonhosted.org/packages/91/d7/685b53b4dd7b5fffc0c48bc411065420136ab618d838f09ce41809233e2f/grpcio-1.67.1-cp39-cp39-macosx_10_9_universal2.whl", hash = "sha256:cdc491ae35a13535fd9196acb5afe1af37c8237df2e54427be3eecda3653127e", size = 11000821 },
    { url = "https://files.pythonhosted.org/packages/bd/49/7763443826c52dece03bca64e10ba2f981e7af9735d9dded1275f4e46f83/grpcio-1.67.1-cp39-cp39-manylinux_2_17_aarch64.whl", hash = "sha256:85f862069b86a305497e74d0dc43c02de3d1d184fc2c180993aa8aa86fbd19b8", size = 5631716 },
    { url = "https://files.pythonhosted.org/packages/7d/72/31753e27792b48cc14b4c80a5818224a33d167fd5e0770821111a4ea316c/grpcio-1.67.1-cp39-cp39-manylinux_2_17_i686.manylinux2014_i686.whl", hash = "sha256:ec74ef02010186185de82cc594058a3ccd8d86821842bbac9873fd4a2cf8be8d", size = 6240280 },
    { url = "https://files.pythonhosted.org/packages/d4/ea/32bb9c4d58234383a4e617baf72da4e26e0ccf6396ca36ff7ddc95898ab6/grpcio-1.67.1-cp39-cp39-manylinux_2_17_x86_64.manylinux2014_x86_64.whl", hash = "sha256:01f616a964e540638af5130469451cf580ba8c7329f45ca998ab66e0c7dcdb04", size = 5884299 },
    { url = "https://files.pythonhosted.org/packages/3d/4c/5f44e5c9feab14f3d93becb3dd76989f2e97d31cd0c2c421b859c4bbb9ff/grpcio-1.67.1-cp39-cp39-musllinux_1_1_i686.whl", hash = "sha256:299b3d8c4f790c6bcca485f9963b4846dd92cf6f1b65d3697145d005c80f9fe8", size = 6584605 },
    { url = "https://files.pythonhosted.org/packages/ec/dc/6cc20ce55d4cdc51c89f35900668d9429f47f3e5632c558636cd044b71cd/grpcio-1.67.1-cp39-cp39-musllinux_1_1_x86_64.whl", hash = "sha256:60336bff760fbb47d7e86165408126f1dded184448e9a4c892189eb7c9d3f90f", size = 6162361 },
    { url = "https://files.pythonhosted.org/packages/1e/16/5b7255a6d6d1ac174481fb5c257adf3a869f3839a426eead05d2f6d6537a/grpcio-1.67.1-cp39-cp39-win32.whl", hash = "sha256:5ed601c4c6008429e3d247ddb367fe8c7259c355757448d7c1ef7bd4a6739e8e", size = 3616599 },
    { url = "https://files.pythonhosted.org/packages/41/ef/03860d260c56d018dc8327c7ec3ebd31d84cec98462cf1e44660c3c58c82/grpcio-1.67.1-cp39-cp39-win_amd64.whl", hash = "sha256:5db70d32d6703b89912af16d6d45d78406374a8b8ef0d28140351dd0ec610e98", size = 4353565 },
]

[[package]]
name = "grpcio-tools"
version = "1.66.2"
source = { registry = "https://pypi.org/simple" }
dependencies = [
    { name = "grpcio" },
    { name = "protobuf" },
    { name = "setuptools" },
]
sdist = { url = "https://files.pythonhosted.org/packages/3c/31/bc5b5cc2552a58690eb90a6dcfa64d4ff4bd5dcce03711e4975ea683a3e3/grpcio_tools-1.66.2.tar.gz", hash = "sha256:4a36e07913d26ba5ccfd2685ba63ca97f26b08c249d2cc9e74dda37efa49d7e4", size = 5158759 }
wheels = [
    { url = "https://files.pythonhosted.org/packages/9b/4c/3aed44c707a8a85264bf37e60db5b62175c01d75ce7a0d9e73b38a9093a2/grpcio_tools-1.66.2-cp310-cp310-linux_armv7l.whl", hash = "sha256:40b7ad804ff78490408177cfe87427d5a67224f82a2bdfabe9d8d6ac6239733b", size = 2308116 },
    { url = "https://files.pythonhosted.org/packages/42/25/2cbc4831ef1a8e7a140ef1e128cca3cc18d24ecb3cdc8f9b0ca53af32b70/grpcio_tools-1.66.2-cp310-cp310-macosx_12_0_universal2.whl", hash = "sha256:a886fa2ff9e897b35489557d1c61cbc0e4efc42c4dc0d120a9516f294fefb107", size = 5500147 },
    { url = "https://files.pythonhosted.org/packages/b9/4d/2bac61de14d5fc5bff3e1a8ea9f93bba8859c5df77a1f8e9ddef16011d90/grpcio_tools-1.66.2-cp310-cp310-manylinux_2_17_aarch64.whl", hash = "sha256:1d5e22b2c7f5b453462c85aa66f99961d5c7b275d1c60b84fe847c06c73c9400", size = 2282056 },
    { url = "https://files.pythonhosted.org/packages/31/1e/72d2fad59096392f0b0f6606c1fe311953dd1269f291bc29b88a18a1ec88/grpcio_tools-1.66.2-cp310-cp310-manylinux_2_17_i686.manylinux2014_i686.whl", hash = "sha256:a425b2600ad4fcf887107ee975a9b7c20478c2959c58b12af7f36577d7a7f7b3", size = 2617361 },
    { url = "https://files.pythonhosted.org/packages/87/58/e8d3acd930a68593cc8a6c48c2fa54205cfd127c03cb844d66107d24383e/grpcio_tools-1.66.2-cp310-cp310-manylinux_2_17_x86_64.manylinux2014_x86_64.whl", hash = "sha256:ef979af76b0cd3f5235d3ec30e86a4f0acc0eab179e796ddbb481aa351a1e6ca", size = 2416030 },
    { url = "https://files.pythonhosted.org/packages/d2/58/d619c216c85de0665728f4ea03118ef8b5f023572f1c880f8beaeda0670d/grpcio_tools-1.66.2-cp310-cp310-musllinux_1_1_i686.whl", hash = "sha256:99638043e1a78b8617f31b676f1ecf248d75a45b318776af3acc48a85c8e10a2", size = 3224904 },
    { url = "https://files.pythonhosted.org/packages/8b/0c/da392e934634414f39069aee3f6da9ca4a3c13a37882c535f606b547d576/grpcio_tools-1.66.2-cp310-cp310-musllinux_1_1_x86_64.whl", hash = "sha256:0a465850c7e5c4ab588c7b7275d47781e9c0ee397a8faf4977262592f95e1831", size = 2870384 },
    { url = "https://files.pythonhosted.org/packages/37/d3/7a92d016ba296a2b4f90324338e6983cdf63e04ecc7e07fcbe0ff81ccba0/grpcio_tools-1.66.2-cp310-cp310-win32.whl", hash = "sha256:48997b704d2fcf59d922228c7a79fcd35d52ca8b2202e5cfe193962643b8354f", size = 941144 },
    { url = "https://files.pythonhosted.org/packages/3d/8a/642019060f7b7aa62f6c5d0f8dcc3201e66606092a778393ccc265b20537/grpcio_tools-1.66.2-cp310-cp310-win_amd64.whl", hash = "sha256:ab4eda584ba2e647e9bb5098f5e4e8d370a333761bf33924e9a7c14f069c8b08", size = 1091151 },
    { url = "https://files.pythonhosted.org/packages/92/75/197a91045df2a56f25a27328d8d26f5d1933fe47a8d534fd71a6e0fd9444/grpcio_tools-1.66.2-cp311-cp311-linux_armv7l.whl", hash = "sha256:007750b4db62018e441f8401fa567aa11174ae0173826cbbe54982fdf2383067", size = 2307990 },
    { url = "https://files.pythonhosted.org/packages/be/c3/d09d5fb43676df59753dd7231e243b2704d28f7e5dc5bb2f8451bd9fa067/grpcio_tools-1.66.2-cp311-cp311-macosx_10_9_universal2.whl", hash = "sha256:18554bc91640b2f1ce18aa5c6bebd51500ca0b43b5df4e700e6f76522e2b0e94", size = 5526534 },
    { url = "https://files.pythonhosted.org/packages/4a/e8/ae686758078fc0b7f552dbbd26f88c59825f57fecb2788a776d09c0ccb6c/grpcio_tools-1.66.2-cp311-cp311-manylinux_2_17_aarch64.whl", hash = "sha256:3fe2fc2e4a16d745cae01e1348b401378e58ced920ff759a6b4b85a7ad507896", size = 2282138 },
    { url = "https://files.pythonhosted.org/packages/e0/4d/e285b07ef072c99ae758330269833996bda3c31961d351a412dd87a3cca9/grpcio_tools-1.66.2-cp311-cp311-manylinux_2_17_i686.manylinux2014_i686.whl", hash = "sha256:0933420362621d8792fea9350f0c82c514da5f93888d1476c37d9e3722d260b0", size = 2617335 },
    { url = "https://files.pythonhosted.org/packages/25/b6/d75ccc7e8785f261ca96d57356a770d9c84afdfe6445fac8ef57256f7833/grpcio_tools-1.66.2-cp311-cp311-manylinux_2_17_x86_64.manylinux2014_x86_64.whl", hash = "sha256:d3aef5abd34bea8ea98448cd58a938992238c4717df93d12f84fa5f56efb11d0", size = 2415807 },
    { url = "https://files.pythonhosted.org/packages/84/26/402651eea76e1048ab8bcbd3ea5341eec1cf662b39d4e004ef65fe31532e/grpcio_tools-1.66.2-cp311-cp311-musllinux_1_1_i686.whl", hash = "sha256:7afd9eb9be413a731cff7ad638081795a7ed0fec4b23af5cec2099fbd9d742f9", size = 3224764 },
    { url = "https://files.pythonhosted.org/packages/02/92/f6c5c1aae55461bf15e597282d1c7d57127ea3518ed1b9b08e2348b21cb6/grpcio_tools-1.66.2-cp311-cp311-musllinux_1_1_x86_64.whl", hash = "sha256:fd1fa95188ae7d5460a8c4a2abcb2777fdf9c3b80d592a2e8434c52a6eb48e8d", size = 2870446 },
    { url = "https://files.pythonhosted.org/packages/97/a2/269d4da61b47944df34cc8c69f063774d74b97b6d879faf801cfb9b5d2fa/grpcio_tools-1.66.2-cp311-cp311-win32.whl", hash = "sha256:80c233215cf0f08353b7aac4e86cdedf4d545ed368a7491ccc9996e5a317dce4", size = 940891 },
    { url = "https://files.pythonhosted.org/packages/b4/4f/1a3b125a735af2ecb07f437def40f541272c1fec72287f8107472e9fc66c/grpcio_tools-1.66.2-cp311-cp311-win_amd64.whl", hash = "sha256:2a9a376b300aa2b4da8e6c4f6f746e824d3f24eefeac2753ffffe2b9f37d156d", size = 1091095 },
    { url = "https://files.pythonhosted.org/packages/4e/f0/9be2dd8e6ec1c01cf2510ba39835525a8807743d059b8b739c04009824fc/grpcio_tools-1.66.2-cp312-cp312-linux_armv7l.whl", hash = "sha256:d8ca76fc40a7d35ddf1229afd04408e2ff94caf4385068c8b147e064e951e0ba", size = 2307644 },
    { url = "https://files.pythonhosted.org/packages/50/7b/9ea3fccf2f213f0780f37f6cf3eff1d2ffe8b5a96f223033cbf8464c37a1/grpcio_tools-1.66.2-cp312-cp312-macosx_10_9_universal2.whl", hash = "sha256:6cc3da6994d575c425c74ce33e34b86a975ea7e78bb9c3525e8439a3af3c508f", size = 5525457 },
    { url = "https://files.pythonhosted.org/packages/7a/04/cb98ba499fc7aea174e86415d3ceb23c15f10c76530165c7d34d292173d4/grpcio_tools-1.66.2-cp312-cp312-manylinux_2_17_aarch64.whl", hash = "sha256:89e437ced43275e7427cc82a837f5cd43ebe18a1080b0e50a47627895b44b0e6", size = 2281765 },
    { url = "https://files.pythonhosted.org/packages/9f/4c/14c68bdc17611b9ba6f8d88e893e20bfd5fedc2132f83306d748b23a4527/grpcio_tools-1.66.2-cp312-cp312-manylinux_2_17_i686.manylinux2014_i686.whl", hash = "sha256:d95f030e708266d7fd6d3e5d56e30a9bbbe230604856b1fe93edd892e4389aab", size = 2617362 },
    { url = "https://files.pythonhosted.org/packages/4b/b6/111b8b52189fd0822a4ccc975f0e8214ac1910ce2d38f04b1cab2cb56896/grpcio_tools-1.66.2-cp312-cp312-manylinux_2_17_x86_64.manylinux2014_x86_64.whl", hash = "sha256:1b3cf9ae67f8bb431ab3ff60db75c3586dc5aa993be4b15bd7cad651362563cd", size = 2415326 },
    { url = "https://files.pythonhosted.org/packages/0e/4b/006b246f19b8b8a4fae7c4100126ce98f26f2ccd5baa0d54144ffd15bd63/grpcio_tools-1.66.2-cp312-cp312-musllinux_1_1_i686.whl", hash = "sha256:b4896a0853fc402273e908c0a0710d25242f1ae907efb9d22ba6d82d4ba00ad8", size = 3225045 },
    { url = "https://files.pythonhosted.org/packages/b6/20/9faf510a0d93ac2527fbf0cb886e6e603a13afa64b566ffc14dc90957a64/grpcio_tools-1.66.2-cp312-cp312-musllinux_1_1_x86_64.whl", hash = "sha256:d31aad10f90fccb0073bc03b4d1b67690ef4f0cd9af96e82944b9cc655d12b6f", size = 2870423 },
    { url = "https://files.pythonhosted.org/packages/74/dd/d7cab621702327bf1d9f7df87308468c9ab2c721b07544bc3a09003f6fc7/grpcio_tools-1.66.2-cp312-cp312-win32.whl", hash = "sha256:d8f976f35683e49467d0bf2b90c170ac5443cd162d48d8d868801fd0d87a5fa8", size = 940541 },
    { url = "https://files.pythonhosted.org/packages/c1/f3/170c2aeadb454f85c4b64340b81a0694985855951034e1042ccaed5a9232/grpcio_tools-1.66.2-cp312-cp312-win_amd64.whl", hash = "sha256:b2c19e5a888a6ee48ba699581a90c04806b2a93f574f37449c359ec17a793669", size = 1090426 },
    { url = "https://files.pythonhosted.org/packages/57/c6/9048242cf5c32899c3675bdea6d78a01e0a5411d1d2c012f90d1fe407718/grpcio_tools-1.66.2-cp313-cp313-linux_armv7l.whl", hash = "sha256:7e8c9aa91a9e51199048202e3c54491e0a89fb3ac47dde36ff2964fbcee143a3", size = 2307453 },
    { url = "https://files.pythonhosted.org/packages/72/f5/337d4f6009e39f5106963dd289836f5e722552b3ebeb808d9270aa777678/grpcio_tools-1.66.2-cp313-cp313-macosx_10_13_universal2.whl", hash = "sha256:0eaedd3c77824c3762b728c485f91097a58116fa135f3bbc24703621476cd866", size = 5517964 },
    { url = "https://files.pythonhosted.org/packages/d9/49/de2583c81fded5ce3bbfb62b00fe98e346d6197f5102da54591f3e6078d0/grpcio_tools-1.66.2-cp313-cp313-manylinux_2_17_aarch64.whl", hash = "sha256:a14007902fb6565c21815da4177105ec905ef37f0550190c4d1bbeb2928c6560", size = 2281082 },
    { url = "https://files.pythonhosted.org/packages/f7/50/305eef404c515ee8dab72b3ac09fa9ff43ad309e2990c46b6b22356d7112/grpcio_tools-1.66.2-cp313-cp313-manylinux_2_17_i686.manylinux2014_i686.whl", hash = "sha256:df8f098bb92d192230f3b23df514b139f3549e2a4390d1f0f0d8ff89de458c54", size = 2616925 },
    { url = "https://files.pythonhosted.org/packages/1d/0f/273d7ac9c7d99b56abb5841d8aff7ffd148fe01b48c2913c8da3de9438e7/grpcio_tools-1.66.2-cp313-cp313-manylinux_2_17_x86_64.manylinux2014_x86_64.whl", hash = "sha256:c68642829368f4f83929e0df571dbbc99f1f1553555d8f98d0582da9f6743d9e", size = 2414642 },
    { url = "https://files.pythonhosted.org/packages/9b/a6/4cb894af0b8244e6afb537f3bc624487a2ee285632ad56249a95782cba94/grpcio_tools-1.66.2-cp313-cp313-musllinux_1_1_i686.whl", hash = "sha256:5fd20110d2c7706dfdd95457807acb8c050253be2e272b9f5fb977e87ea44d86", size = 3224331 },
    { url = "https://files.pythonhosted.org/packages/f6/75/332ca1f49ef7c48a31fb88a9e9738ffcbc61718fa2c2c5137d6e187a6af4/grpcio_tools-1.66.2-cp313-cp313-musllinux_1_1_x86_64.whl", hash = "sha256:4b16244be4cff92408eb82901b883a70f3dd902fb7c7f66e2a368271be84cde4", size = 2869639 },
    { url = "https://files.pythonhosted.org/packages/19/d0/9080d3fa949659d148425547db7ad84d675554f6ed1bb113bcbd3572d480/grpcio_tools-1.66.2-cp313-cp313-win32.whl", hash = "sha256:d872ba3bbe9e15b43eeb9310dad5edbf490bb3ab0072a46b3a12fed0234eec23", size = 939996 },
    { url = "https://files.pythonhosted.org/packages/83/84/50b7bd9114e22c7b10003e4862b938d3ae253fdb5027088914443890b277/grpcio_tools-1.66.2-cp313-cp313-win_amd64.whl", hash = "sha256:a2810921218471aab5c8cd20204d3b1886aa8e13b495e882158bb398982cf18e", size = 1089819 },
    { url = "https://files.pythonhosted.org/packages/9d/92/e972ea01e11c411a6a88e0e0324e026833aee801a4ba4a4caa73dc0981e4/grpcio_tools-1.66.2-cp39-cp39-linux_armv7l.whl", hash = "sha256:75c6a25a5cf729c4606c388013cf7c59dda99cf3718c24fe4fd52b06c19955d0", size = 2308176 },
    { url = "https://files.pythonhosted.org/packages/84/74/2891e277319e4b13ff5718ea28491089465bd333a0ad65c9d60cf4062f42/grpcio_tools-1.66.2-cp39-cp39-macosx_10_9_universal2.whl", hash = "sha256:5a5146e780ed87348d84b11fc3843741e676b2a84d493363bf0b4ae31c56841b", size = 5527465 },
    { url = "https://files.pythonhosted.org/packages/9a/c4/5ef246af088b9e3e4348ff7400490794efe8778820d373a3ce3484948085/grpcio_tools-1.66.2-cp39-cp39-manylinux_2_17_aarch64.whl", hash = "sha256:c42ba1b24e701544bf08a43bb2d63d56dedd0fd33a5b499c9cf85e15aa154b13", size = 2282100 },
    { url = "https://files.pythonhosted.org/packages/a4/1d/57c14fd8c3d4e6f6f9b8593b71ae05678be875bce0caaf56f59973a99bc2/grpcio_tools-1.66.2-cp39-cp39-manylinux_2_17_i686.manylinux2014_i686.whl", hash = "sha256:5daf9807260e172ffcc5dd582c01f60bac820f99f0151a507c8a537f9e6dceb8", size = 2617693 },
    { url = "https://files.pythonhosted.org/packages/77/3c/e02707923e109c8e47e75a38bee121285b415d6a260dcfc7e90a26add095/grpcio_tools-1.66.2-cp39-cp39-manylinux_2_17_x86_64.manylinux2014_x86_64.whl", hash = "sha256:a15a4d0f4eba3773dabe07113b42e018a8fa9a28441483ada111991d5c1468b6", size = 2415908 },
    { url = "https://files.pythonhosted.org/packages/b0/2d/093a658159658d3df3e76e83b144cc82f6ddba8c0f2a3a459af69c995a70/grpcio_tools-1.66.2-cp39-cp39-musllinux_1_1_i686.whl", hash = "sha256:cc4f65cd189832676dca16046a4b6247d0bc1fc20648d16ac7fb0b075d1658f4", size = 3224818 },
    { url = "https://files.pythonhosted.org/packages/2f/53/a74a56ef8dddae908f6ce175af75f9b3212120e5d561259122a787c19a3a/grpcio_tools-1.66.2-cp39-cp39-musllinux_1_1_x86_64.whl", hash = "sha256:ba63dbcbb8ade67e5a04dd3a6c5860efb454bda6d5e8558b17c9a7251339ce36", size = 2870072 },
    { url = "https://files.pythonhosted.org/packages/03/6d/3599d5ff545d1a8c037f9041358c507785cba068ea3f9dc4865c9bc7ab7a/grpcio_tools-1.66.2-cp39-cp39-win32.whl", hash = "sha256:c4df0f547f4193dfa6689949b374974f08d81f129174738f0410ba8d45dc63be", size = 941189 },
    { url = "https://files.pythonhosted.org/packages/93/05/410decfa7fb8d406eb4378c72cd66d44fb94e7d0e2f3598317bb19dab914/grpcio_tools-1.66.2-cp39-cp39-win_amd64.whl", hash = "sha256:0cad9ffe5df7801201773b91f14923cf3e20ca764e418ae7f8cb75f6045a0aa1", size = 1091199 },
]

[[package]]
name = "mypy"
version = "1.13.0"
source = { registry = "https://pypi.org/simple" }
dependencies = [
    { name = "mypy-extensions" },
    { name = "tomli", marker = "python_full_version < '3.11'" },
    { name = "typing-extensions" },
]
sdist = { url = "https://files.pythonhosted.org/packages/e8/21/7e9e523537991d145ab8a0a2fd98548d67646dc2aaaf6091c31ad883e7c1/mypy-1.13.0.tar.gz", hash = "sha256:0291a61b6fbf3e6673e3405cfcc0e7650bebc7939659fdca2702958038bd835e", size = 3152532 }
wheels = [
    { url = "https://files.pythonhosted.org/packages/5e/8c/206de95a27722b5b5a8c85ba3100467bd86299d92a4f71c6b9aa448bfa2f/mypy-1.13.0-cp310-cp310-macosx_10_9_x86_64.whl", hash = "sha256:6607e0f1dd1fb7f0aca14d936d13fd19eba5e17e1cd2a14f808fa5f8f6d8f60a", size = 11020731 },
    { url = "https://files.pythonhosted.org/packages/ab/bb/b31695a29eea76b1569fd28b4ab141a1adc9842edde080d1e8e1776862c7/mypy-1.13.0-cp310-cp310-macosx_11_0_arm64.whl", hash = "sha256:8a21be69bd26fa81b1f80a61ee7ab05b076c674d9b18fb56239d72e21d9f4c80", size = 10184276 },
    { url = "https://files.pythonhosted.org/packages/a5/2d/4a23849729bb27934a0e079c9c1aad912167d875c7b070382a408d459651/mypy-1.13.0-cp310-cp310-manylinux_2_17_x86_64.manylinux2014_x86_64.manylinux_2_28_x86_64.whl", hash = "sha256:7b2353a44d2179846a096e25691d54d59904559f4232519d420d64da6828a3a7", size = 12587706 },
    { url = "https://files.pythonhosted.org/packages/5c/c3/d318e38ada50255e22e23353a469c791379825240e71b0ad03e76ca07ae6/mypy-1.13.0-cp310-cp310-musllinux_1_1_x86_64.whl", hash = "sha256:0730d1c6a2739d4511dc4253f8274cdd140c55c32dfb0a4cf8b7a43f40abfa6f", size = 13105586 },
    { url = "https://files.pythonhosted.org/packages/4a/25/3918bc64952370c3dbdbd8c82c363804678127815febd2925b7273d9482c/mypy-1.13.0-cp310-cp310-win_amd64.whl", hash = "sha256:c5fc54dbb712ff5e5a0fca797e6e0aa25726c7e72c6a5850cfd2adbc1eb0a372", size = 9632318 },
    { url = "https://files.pythonhosted.org/packages/d0/19/de0822609e5b93d02579075248c7aa6ceaddcea92f00bf4ea8e4c22e3598/mypy-1.13.0-cp311-cp311-macosx_10_9_x86_64.whl", hash = "sha256:581665e6f3a8a9078f28d5502f4c334c0c8d802ef55ea0e7276a6e409bc0d82d", size = 10939027 },
    { url = "https://files.pythonhosted.org/packages/c8/71/6950fcc6ca84179137e4cbf7cf41e6b68b4a339a1f5d3e954f8c34e02d66/mypy-1.13.0-cp311-cp311-macosx_11_0_arm64.whl", hash = "sha256:3ddb5b9bf82e05cc9a627e84707b528e5c7caaa1c55c69e175abb15a761cec2d", size = 10108699 },
    { url = "https://files.pythonhosted.org/packages/26/50/29d3e7dd166e74dc13d46050b23f7d6d7533acf48f5217663a3719db024e/mypy-1.13.0-cp311-cp311-manylinux_2_17_x86_64.manylinux2014_x86_64.manylinux_2_28_x86_64.whl", hash = "sha256:20c7ee0bc0d5a9595c46f38beb04201f2620065a93755704e141fcac9f59db2b", size = 12506263 },
    { url = "https://files.pythonhosted.org/packages/3f/1d/676e76f07f7d5ddcd4227af3938a9c9640f293b7d8a44dd4ff41d4db25c1/mypy-1.13.0-cp311-cp311-musllinux_1_1_x86_64.whl", hash = "sha256:3790ded76f0b34bc9c8ba4def8f919dd6a46db0f5a6610fb994fe8efdd447f73", size = 12984688 },
    { url = "https://files.pythonhosted.org/packages/9c/03/5a85a30ae5407b1d28fab51bd3e2103e52ad0918d1e68f02a7778669a307/mypy-1.13.0-cp311-cp311-win_amd64.whl", hash = "sha256:51f869f4b6b538229c1d1bcc1dd7d119817206e2bc54e8e374b3dfa202defcca", size = 9626811 },
    { url = "https://files.pythonhosted.org/packages/fb/31/c526a7bd2e5c710ae47717c7a5f53f616db6d9097caf48ad650581e81748/mypy-1.13.0-cp312-cp312-macosx_10_13_x86_64.whl", hash = "sha256:5c7051a3461ae84dfb5dd15eff5094640c61c5f22257c8b766794e6dd85e72d5", size = 11077900 },
    { url = "https://files.pythonhosted.org/packages/83/67/b7419c6b503679d10bd26fc67529bc6a1f7a5f220bbb9f292dc10d33352f/mypy-1.13.0-cp312-cp312-macosx_11_0_arm64.whl", hash = "sha256:39bb21c69a5d6342f4ce526e4584bc5c197fd20a60d14a8624d8743fffb9472e", size = 10074818 },
    { url = "https://files.pythonhosted.org/packages/ba/07/37d67048786ae84e6612575e173d713c9a05d0ae495dde1e68d972207d98/mypy-1.13.0-cp312-cp312-manylinux_2_17_x86_64.manylinux2014_x86_64.manylinux_2_28_x86_64.whl", hash = "sha256:164f28cb9d6367439031f4c81e84d3ccaa1e19232d9d05d37cb0bd880d3f93c2", size = 12589275 },
    { url = "https://files.pythonhosted.org/packages/1f/17/b1018c6bb3e9f1ce3956722b3bf91bff86c1cefccca71cec05eae49d6d41/mypy-1.13.0-cp312-cp312-musllinux_1_1_x86_64.whl", hash = "sha256:a4c1bfcdbce96ff5d96fc9b08e3831acb30dc44ab02671eca5953eadad07d6d0", size = 13037783 },
    { url = "https://files.pythonhosted.org/packages/cb/32/cd540755579e54a88099aee0287086d996f5a24281a673f78a0e14dba150/mypy-1.13.0-cp312-cp312-win_amd64.whl", hash = "sha256:a0affb3a79a256b4183ba09811e3577c5163ed06685e4d4b46429a271ba174d2", size = 9726197 },
    { url = "https://files.pythonhosted.org/packages/11/bb/ab4cfdc562cad80418f077d8be9b4491ee4fb257440da951b85cbb0a639e/mypy-1.13.0-cp313-cp313-macosx_10_13_x86_64.whl", hash = "sha256:a7b44178c9760ce1a43f544e595d35ed61ac2c3de306599fa59b38a6048e1aa7", size = 11069721 },
    { url = "https://files.pythonhosted.org/packages/59/3b/a393b1607cb749ea2c621def5ba8c58308ff05e30d9dbdc7c15028bca111/mypy-1.13.0-cp313-cp313-macosx_11_0_arm64.whl", hash = "sha256:5d5092efb8516d08440e36626f0153b5006d4088c1d663d88bf79625af3d1d62", size = 10063996 },
    { url = "https://files.pythonhosted.org/packages/d1/1f/6b76be289a5a521bb1caedc1f08e76ff17ab59061007f201a8a18cc514d1/mypy-1.13.0-cp313-cp313-manylinux_2_17_x86_64.manylinux2014_x86_64.manylinux_2_28_x86_64.whl", hash = "sha256:de2904956dac40ced10931ac967ae63c5089bd498542194b436eb097a9f77bc8", size = 12584043 },
    { url = "https://files.pythonhosted.org/packages/a6/83/5a85c9a5976c6f96e3a5a7591aa28b4a6ca3a07e9e5ba0cec090c8b596d6/mypy-1.13.0-cp313-cp313-musllinux_1_1_x86_64.whl", hash = "sha256:7bfd8836970d33c2105562650656b6846149374dc8ed77d98424b40b09340ba7", size = 13036996 },
    { url = "https://files.pythonhosted.org/packages/b4/59/c39a6f752f1f893fccbcf1bdd2aca67c79c842402b5283563d006a67cf76/mypy-1.13.0-cp313-cp313-win_amd64.whl", hash = "sha256:9f73dba9ec77acb86457a8fc04b5239822df0c14a082564737833d2963677dbc", size = 9737709 },
    { url = "https://files.pythonhosted.org/packages/5f/d4/b33ddd40dad230efb317898a2d1c267c04edba73bc5086bf77edeb410fb2/mypy-1.13.0-cp39-cp39-macosx_10_9_x86_64.whl", hash = "sha256:0246bcb1b5de7f08f2826451abd947bf656945209b140d16ed317f65a17dc7dc", size = 11013906 },
    { url = "https://files.pythonhosted.org/packages/f4/e6/f414bca465b44d01cd5f4a82761e15044bedd1bf8025c5af3cc64518fac5/mypy-1.13.0-cp39-cp39-macosx_11_0_arm64.whl", hash = "sha256:7f5b7deae912cf8b77e990b9280f170381fdfbddf61b4ef80927edd813163732", size = 10180657 },
    { url = "https://files.pythonhosted.org/packages/38/e9/fc3865e417722f98d58409770be01afb961e2c1f99930659ff4ae7ca8b7e/mypy-1.13.0-cp39-cp39-manylinux_2_17_x86_64.manylinux2014_x86_64.manylinux_2_28_x86_64.whl", hash = "sha256:7029881ec6ffb8bc233a4fa364736789582c738217b133f1b55967115288a2bc", size = 12586394 },
    { url = "https://files.pythonhosted.org/packages/2e/35/f4d8b6d2cb0b3dad63e96caf159419dda023f45a358c6c9ac582ccaee354/mypy-1.13.0-cp39-cp39-musllinux_1_1_x86_64.whl", hash = "sha256:3e38b980e5681f28f033f3be86b099a247b13c491f14bb8b1e1e134d23bb599d", size = 13103591 },
    { url = "https://files.pythonhosted.org/packages/22/1d/80594aef135f921dd52e142fa0acd19df197690bd0cde42cea7b88cf5aa2/mypy-1.13.0-cp39-cp39-win_amd64.whl", hash = "sha256:a6789be98a2017c912ae6ccb77ea553bbaf13d27605d2ca20a76dfbced631b24", size = 9634690 },
    { url = "https://files.pythonhosted.org/packages/3b/86/72ce7f57431d87a7ff17d442f521146a6585019eb8f4f31b7c02801f78ad/mypy-1.13.0-py3-none-any.whl", hash = "sha256:9c250883f9fd81d212e0952c92dbfcc96fc237f4b7c92f56ac81fd48460b3e5a", size = 2647043 },
]

[[package]]
name = "mypy-extensions"
version = "1.0.0"
source = { registry = "https://pypi.org/simple" }
sdist = { url = "https://files.pythonhosted.org/packages/98/a4/1ab47638b92648243faf97a5aeb6ea83059cc3624972ab6b8d2316078d3f/mypy_extensions-1.0.0.tar.gz", hash = "sha256:75dbf8955dc00442a438fc4d0666508a9a97b6bd41aa2f0ffe9d2f2725af0782", size = 4433 }
wheels = [
    { url = "https://files.pythonhosted.org/packages/2a/e2/5d3f6ada4297caebe1a2add3b126fe800c96f56dbe5d1988a2cbe0b267aa/mypy_extensions-1.0.0-py3-none-any.whl", hash = "sha256:4392f6c0eb8a5668a69e23d168ffa70f0be9ccfd32b5cc2d26a34ae5b844552d", size = 4695 },
]

[[package]]
name = "mypy-protobuf"
version = "3.6.0"
source = { registry = "https://pypi.org/simple" }
dependencies = [
    { name = "protobuf" },
    { name = "types-protobuf" },
]
sdist = { url = "https://files.pythonhosted.org/packages/4d/6f/282d64d66bf48ce60e38a6560753f784e0f88ab245ac2fb5e93f701a36cd/mypy-protobuf-3.6.0.tar.gz", hash = "sha256:02f242eb3409f66889f2b1a3aa58356ec4d909cdd0f93115622e9e70366eca3c", size = 24445 }
wheels = [
    { url = "https://files.pythonhosted.org/packages/e8/73/d6b999782ae22f16971cc05378b3b33f6a89ede3b9619e8366aa23484bca/mypy_protobuf-3.6.0-py3-none-any.whl", hash = "sha256:56176e4d569070e7350ea620262478b49b7efceba4103d468448f1d21492fd6c", size = 16434 },
]

[[package]]
name = "protobuf"
version = "5.28.3"
source = { registry = "https://pypi.org/simple" }
sdist = { url = "https://files.pythonhosted.org/packages/74/6e/e69eb906fddcb38f8530a12f4b410699972ab7ced4e21524ece9d546ac27/protobuf-5.28.3.tar.gz", hash = "sha256:64badbc49180a5e401f373f9ce7ab1d18b63f7dd4a9cdc43c92b9f0b481cef7b", size = 422479 }
wheels = [
    { url = "https://files.pythonhosted.org/packages/d1/c5/05163fad52d7c43e124a545f1372d18266db36036377ad29de4271134a6a/protobuf-5.28.3-cp310-abi3-win32.whl", hash = "sha256:0c4eec6f987338617072592b97943fdbe30d019c56126493111cf24344c1cc24", size = 419624 },
    { url = "https://files.pythonhosted.org/packages/9c/4c/4563ebe001ff30dca9d7ed12e471fa098d9759712980cde1fd03a3a44fb7/protobuf-5.28.3-cp310-abi3-win_amd64.whl", hash = "sha256:91fba8f445723fcf400fdbe9ca796b19d3b1242cd873907979b9ed71e4afe868", size = 431464 },
    { url = "https://files.pythonhosted.org/packages/1c/f2/baf397f3dd1d3e4af7e3f5a0382b868d25ac068eefe1ebde05132333436c/protobuf-5.28.3-cp38-abi3-macosx_10_9_universal2.whl", hash = "sha256:a3f6857551e53ce35e60b403b8a27b0295f7d6eb63d10484f12bc6879c715687", size = 414743 },
    { url = "https://files.pythonhosted.org/packages/85/50/cd61a358ba1601f40e7d38bcfba22e053f40ef2c50d55b55926aecc8fec7/protobuf-5.28.3-cp38-abi3-manylinux2014_aarch64.whl", hash = "sha256:3fa2de6b8b29d12c61911505d893afe7320ce7ccba4df913e2971461fa36d584", size = 316511 },
    { url = "https://files.pythonhosted.org/packages/5d/ae/3257b09328c0b4e59535e497b0c7537d4954038bdd53a2f0d2f49d15a7c4/protobuf-5.28.3-cp38-abi3-manylinux2014_x86_64.whl", hash = "sha256:712319fbdddb46f21abb66cd33cb9e491a5763b2febd8f228251add221981135", size = 316624 },
    { url = "https://files.pythonhosted.org/packages/57/b5/ee3d918f536168def73b3f49edeba065429ab3a7e7b033d33e69c46ddff9/protobuf-5.28.3-cp39-cp39-win32.whl", hash = "sha256:135658402f71bbd49500322c0f736145731b16fc79dc8f367ab544a17eab4535", size = 419648 },
    { url = "https://files.pythonhosted.org/packages/53/54/e1bdf6f1d29828ddb6aca0a83bf208ab1d5f88126f34e17e487b2cd20d93/protobuf-5.28.3-cp39-cp39-win_amd64.whl", hash = "sha256:70585a70fc2dd4818c51287ceef5bdba6387f88a578c86d47bb34669b5552c36", size = 431591 },
    { url = "https://files.pythonhosted.org/packages/ad/c3/2377c159e28ea89a91cf1ca223f827ae8deccb2c9c401e5ca233cd73002f/protobuf-5.28.3-py3-none-any.whl", hash = "sha256:cee1757663fa32a1ee673434fcf3bf24dd54763c79690201208bafec62f19eed", size = 169511 },
]

[[package]]
name = "ruff"
version = "0.7.2"
source = { registry = "https://pypi.org/simple" }
sdist = { url = "https://files.pythonhosted.org/packages/95/51/231bb3790e5b0b9fd4131f9a231d73d061b3667522e3f406fd9b63334d0e/ruff-0.7.2.tar.gz", hash = "sha256:2b14e77293380e475b4e3a7a368e14549288ed2931fce259a6f99978669e844f", size = 3210036 }
wheels = [
    { url = "https://files.pythonhosted.org/packages/5c/56/0caa2b5745d66a39aa239c01059f6918fc76ed8380033d2f44bf297d141d/ruff-0.7.2-py3-none-linux_armv6l.whl", hash = "sha256:b73f873b5f52092e63ed540adefc3c36f1f803790ecf2590e1df8bf0a9f72cb8", size = 10373973 },
    { url = "https://files.pythonhosted.org/packages/1a/33/cad6ff306731f335d481c50caa155b69a286d5b388e87ff234cd2a4b3557/ruff-0.7.2-py3-none-macosx_10_12_x86_64.whl", hash = "sha256:5b813ef26db1015953daf476202585512afd6a6862a02cde63f3bafb53d0b2d4", size = 10171140 },
    { url = "https://files.pythonhosted.org/packages/97/f5/6a2ca5c9ba416226eac9cf8121a1baa6f06655431937e85f38ffcb9d0d01/ruff-0.7.2-py3-none-macosx_11_0_arm64.whl", hash = "sha256:853277dbd9675810c6826dad7a428d52a11760744508340e66bf46f8be9701d9", size = 9809333 },
    { url = "https://files.pythonhosted.org/packages/16/83/e3e87f13d1a1dc205713632978cd7bc287a59b08bc95780dbe359b9aefcb/ruff-0.7.2-py3-none-manylinux_2_17_aarch64.manylinux2014_aarch64.whl", hash = "sha256:21aae53ab1490a52bf4e3bf520c10ce120987b047c494cacf4edad0ba0888da2", size = 10622987 },
    { url = "https://files.pythonhosted.org/packages/22/16/97ccab194480e99a2e3c77ae132b3eebfa38c2112747570c403a4a13ba3a/ruff-0.7.2-py3-none-manylinux_2_17_armv7l.manylinux2014_armv7l.whl", hash = "sha256:ccc7e0fc6e0cb3168443eeadb6445285abaae75142ee22b2b72c27d790ab60ba", size = 10184640 },
    { url = "https://files.pythonhosted.org/packages/97/1b/82ff05441b036f68817296c14f24da47c591cb27acfda473ee571a5651ac/ruff-0.7.2-py3-none-manylinux_2_17_i686.manylinux2014_i686.whl", hash = "sha256:fd77877a4e43b3a98e5ef4715ba3862105e299af0c48942cc6d51ba3d97dc859", size = 11210203 },
    { url = "https://files.pythonhosted.org/packages/a6/96/7ecb30a7ef7f942e2d8e0287ad4c1957dddc6c5097af4978c27cfc334f97/ruff-0.7.2-py3-none-manylinux_2_17_ppc64.manylinux2014_ppc64.whl", hash = "sha256:e00163fb897d35523c70d71a46fbaa43bf7bf9af0f4534c53ea5b96b2e03397b", size = 11870894 },
    { url = "https://files.pythonhosted.org/packages/06/6a/c716bb126218227f8e604a9c484836257708a05ee3d2ebceb666ff3d3867/ruff-0.7.2-py3-none-manylinux_2_17_ppc64le.manylinux2014_ppc64le.whl", hash = "sha256:f3c54b538633482dc342e9b634d91168fe8cc56b30a4b4f99287f4e339103e88", size = 11449533 },
    { url = "https://files.pythonhosted.org/packages/e6/2f/3a5f9f9478904e5ae9506ea699109070ead1e79aac041e872cbaad8a7458/ruff-0.7.2-py3-none-manylinux_2_17_s390x.manylinux2014_s390x.whl", hash = "sha256:7b792468e9804a204be221b14257566669d1db5c00d6bb335996e5cd7004ba80", size = 12607919 },
    { url = "https://files.pythonhosted.org/packages/a0/57/4642e57484d80d274750dcc872ea66655bbd7e66e986fede31e1865b463d/ruff-0.7.2-py3-none-manylinux_2_17_x86_64.manylinux2014_x86_64.whl", hash = "sha256:dba53ed84ac19ae4bfb4ea4bf0172550a2285fa27fbb13e3746f04c80f7fa088", size = 11016915 },
    { url = "https://files.pythonhosted.org/packages/4d/6d/59be6680abee34c22296ae3f46b2a3b91662b8b18ab0bf388b5eb1355c97/ruff-0.7.2-py3-none-musllinux_1_2_aarch64.whl", hash = "sha256:b19fafe261bf741bca2764c14cbb4ee1819b67adb63ebc2db6401dcd652e3748", size = 10625424 },
    { url = "https://files.pythonhosted.org/packages/82/e7/f6a643683354c9bc7879d2f228ee0324fea66d253de49273a0814fba1927/ruff-0.7.2-py3-none-musllinux_1_2_armv7l.whl", hash = "sha256:28bd8220f4d8f79d590db9e2f6a0674f75ddbc3847277dd44ac1f8d30684b828", size = 10233692 },
    { url = "https://files.pythonhosted.org/packages/d7/48/b4e02fc835cd7ed1ee7318d9c53e48bcf6b66301f55925a7dcb920e45532/ruff-0.7.2-py3-none-musllinux_1_2_i686.whl", hash = "sha256:9fd67094e77efbea932e62b5d2483006154794040abb3a5072e659096415ae1e", size = 10751825 },
    { url = "https://files.pythonhosted.org/packages/1e/06/6c5ee6ab7bb4cbad9e8bb9b2dd0d818c759c90c1c9e057c6ed70334b97f4/ruff-0.7.2-py3-none-musllinux_1_2_x86_64.whl", hash = "sha256:576305393998b7bd6c46018f8104ea3a9cb3fa7908c21d8580e3274a3b04b691", size = 11074811 },
    { url = "https://files.pythonhosted.org/packages/a1/16/8969304f25bcd0e4af1778342e63b715e91db8a2dbb51807acd858cba915/ruff-0.7.2-py3-none-win32.whl", hash = "sha256:fa993cfc9f0ff11187e82de874dfc3611df80852540331bc85c75809c93253a8", size = 8650268 },
    { url = "https://files.pythonhosted.org/packages/d9/18/c4b00d161def43fe5968e959039c8f6ce60dca762cec4a34e4e83a4210a0/ruff-0.7.2-py3-none-win_amd64.whl", hash = "sha256:dd8800cbe0254e06b8fec585e97554047fb82c894973f7ff18558eee33d1cb88", size = 9433693 },
    { url = "https://files.pythonhosted.org/packages/7f/7b/c920673ac01c19814dd15fc617c02301c522f3d6812ca2024f4588ed4549/ruff-0.7.2-py3-none-win_arm64.whl", hash = "sha256:bb8368cd45bba3f57bb29cbb8d64b4a33f8415d0149d2655c5c8539452ce7760", size = 8735845 },
]

[[package]]
name = "setuptools"
version = "75.3.0"
source = { registry = "https://pypi.org/simple" }
sdist = { url = "https://files.pythonhosted.org/packages/ed/22/a438e0caa4576f8c383fa4d35f1cc01655a46c75be358960d815bfbb12bd/setuptools-75.3.0.tar.gz", hash = "sha256:fba5dd4d766e97be1b1681d98712680ae8f2f26d7881245f2ce9e40714f1a686", size = 1351577 }
wheels = [
    { url = "https://files.pythonhosted.org/packages/90/12/282ee9bce8b58130cb762fbc9beabd531549952cac11fc56add11dcb7ea0/setuptools-75.3.0-py3-none-any.whl", hash = "sha256:f2504966861356aa38616760c0f66568e535562374995367b4e69c7143cf6bcd", size = 1251070 },
]

[[package]]
name = "tomli"
version = "2.0.2"
source = { registry = "https://pypi.org/simple" }
sdist = { url = "https://files.pythonhosted.org/packages/35/b9/de2a5c0144d7d75a57ff355c0c24054f965b2dc3036456ae03a51ea6264b/tomli-2.0.2.tar.gz", hash = "sha256:d46d457a85337051c36524bc5349dd91b1877838e2979ac5ced3e710ed8a60ed", size = 16096 }
wheels = [
    { url = "https://files.pythonhosted.org/packages/cf/db/ce8eda256fa131af12e0a76d481711abe4681b6923c27efb9a255c9e4594/tomli-2.0.2-py3-none-any.whl", hash = "sha256:2ebe24485c53d303f690b0ec092806a085f07af5a5aa1464f3931eec36caaa38", size = 13237 },
]

[[package]]
name = "types-protobuf"
version = "5.28.3.20241030"
source = { registry = "https://pypi.org/simple" }
sdist = { url = "https://files.pythonhosted.org/packages/c8/d4/d186e43cfb38ecefc91315ee9193d5722a88d7a3c8eac34a3ed603377407/types-protobuf-5.28.3.20241030.tar.gz", hash = "sha256:f7e6b45845d75393fb41c0b3ce82c46d775f9771fae2097414a1dbfe5b51a988", size = 54665 }
wheels = [
    { url = "https://files.pythonhosted.org/packages/72/da/c261bb44799d3f4455fc881ca342c14f5b5b23878bef568a1cdcd324e62f/types_protobuf-5.28.3.20241030-py3-none-any.whl", hash = "sha256:f3dae16adf342d4fb5bb3673cabb22549a6252e5dd66fc52d8310b1a39c64ba9", size = 68781 },
]

[[package]]
name = "typing-extensions"
version = "4.12.2"
source = { registry = "https://pypi.org/simple" }
sdist = { url = "https://files.pythonhosted.org/packages/df/db/f35a00659bc03fec321ba8bce9420de607a1d37f8342eee1863174c69557/typing_extensions-4.12.2.tar.gz", hash = "sha256:1a7ead55c7e559dd4dee8856e3a88b41225abfe1ce8df57b7c13915fe121ffb8", size = 85321 }
wheels = [
    { url = "https://files.pythonhosted.org/packages/26/9f/ad63fc0248c5379346306f8668cda6e2e2e9c95e01216d2b8ffd9ff037d0/typing_extensions-4.12.2-py3-none-any.whl", hash = "sha256:04e5ca0351e0f3f85c6853954072df659d0d13fac324d0072316b67d7794700d", size = 37438 },
]
